// !$*UTF8*$!
{
	archiveVersion = 1;
	classes = {
	};
	objectVersion = 56;
	objects = {

/* Begin PBXBuildFile section */
		C96FA9DC29ECAB8800715C84 /* 8697cf1ely8gashxj3b09j20u00u040v.jpg in Resources */ = {isa = PBXBuildFile; fileRef = C96FA98929ECAB8800715C84 /* 8697cf1ely8gashxj3b09j20u00u040v.jpg */; };
		C96FA9DD29ECAB8800715C84 /* d0c21786ly1gavj2c0kcej20c8096dh7.jpg in Resources */ = {isa = PBXBuildFile; fileRef = C96FA98A29ECAB8800715C84 /* d0c21786ly1gavj2c0kcej20c8096dh7.jpg */; };
		C96FA9DE29ECAB8800715C84 /* 6ec3b446jw1e8qgp5bmzyj2050050aa8.jpg in Resources */ = {isa = PBXBuildFile; fileRef = C96FA98B29ECAB8800715C84 /* 6ec3b446jw1e8qgp5bmzyj2050050aa8.jpg */; };
		C96FA9DF29ECAB8800715C84 /* 8a0b5544jw1e8qgp5bmzyj2050050aa8.jpg in Resources */ = {isa = PBXBuildFile; fileRef = C96FA98C29ECAB8800715C84 /* 8a0b5544jw1e8qgp5bmzyj2050050aa8.jpg */; };
		C96FA9E029ECAB8800715C84 /* bca7fdafly1gax1gqdg6qj20c80avdgl.jpg in Resources */ = {isa = PBXBuildFile; fileRef = C96FA98D29ECAB8800715C84 /* bca7fdafly1gax1gqdg6qj20c80avdgl.jpg */; };
		C96FA9E129ECAB8800715C84 /* 9dc7402fjw1e8qgp5bmzyj2050050aa8.jpg in Resources */ = {isa = PBXBuildFile; fileRef = C96FA98E29ECAB8800715C84 /* 9dc7402fjw1e8qgp5bmzyj2050050aa8.jpg */; };
		C96FA9E229ECAB8800715C84 /* eb5c94aegy1gav25n5ibjj20zk1h8wuu.jpg in Resources */ = {isa = PBXBuildFile; fileRef = C96FA98F29ECAB8800715C84 /* eb5c94aegy1gav25n5ibjj20zk1h8wuu.jpg */; };
		C96FA9E329ECAB8800715C84 /* 006gWxMEly1gavap8dywoj30hs0bwq48.jpg in Resources */ = {isa = PBXBuildFile; fileRef = C96FA99029ECAB8800715C84 /* 006gWxMEly1gavap8dywoj30hs0bwq48.jpg */; };
		C96FA9E429ECAB8800715C84 /* 630584a6gy1gau54zl806j20m80etmzo.jpg in Resources */ = {isa = PBXBuildFile; fileRef = C96FA99129ECAB8800715C84 /* 630584a6gy1gau54zl806j20m80etmzo.jpg */; };
		C96FA9E529ECAB8800715C84 /* 9dc7402fgy1gavd38wwlrj20j60nyq6y.jpg in Resources */ = {isa = PBXBuildFile; fileRef = C96FA99229ECAB8800715C84 /* 9dc7402fgy1gavd38wwlrj20j60nyq6y.jpg */; };
		C96FA9E629ECAB8800715C84 /* 8a0b5544gy1gauy2flua6j20u00hitab.jpg in Resources */ = {isa = PBXBuildFile; fileRef = C96FA99329ECAB8800715C84 /* 8a0b5544gy1gauy2flua6j20u00hitab.jpg */; };
		C96FA9E729ECAB8800715C84 /* 7f9147a5ly1fzxlh4ovuej20e90fl4fo.jpg in Resources */ = {isa = PBXBuildFile; fileRef = C96FA99429ECAB8800715C84 /* 7f9147a5ly1fzxlh4ovuej20e90fl4fo.jpg */; };
		C96FA9E829ECAB8800715C84 /* 7f9147a5ly1fzxlgxgzpij20e90fltsj.jpg in Resources */ = {isa = PBXBuildFile; fileRef = C96FA99529ECAB8800715C84 /* 7f9147a5ly1fzxlgxgzpij20e90fltsj.jpg */; };
		C96FA9E929ECAB8800715C84 /* 76297935ly1gatz8obqvkj22c0340npe.jpg in Resources */ = {isa = PBXBuildFile; fileRef = C96FA99629ECAB8800715C84 /* 76297935ly1gatz8obqvkj22c0340npe.jpg */; };
		C96FA9EA29ECAB8800715C84 /* d0c21786ly8fsax1ftiifj20ro0ro43g.jpg in Resources */ = {isa = PBXBuildFile; fileRef = C96FA99729ECAB8800715C84 /* d0c21786ly8fsax1ftiifj20ro0ro43g.jpg */; };
		C96FA9EB29ECAB8800715C84 /* 9dc7402fgy1gavd38kqjtj20j60nyn1d.jpg in Resources */ = {isa = PBXBuildFile; fileRef = C96FA99829ECAB8800715C84 /* 9dc7402fgy1gavd38kqjtj20j60nyn1d.jpg */; };
		C96FA9EC29ECAB8800715C84 /* 6a2afec3gy1gaulykcejqj20t5145wns.jpg in Resources */ = {isa = PBXBuildFile; fileRef = C96FA99929ECAB8800715C84 /* 6a2afec3gy1gaulykcejqj20t5145wns.jpg */; };
		C96FA9ED29ECAB8800715C84 /* 4e7f0c83gy1gam2mp0x4pj22tc240u0x.jpg in Resources */ = {isa = PBXBuildFile; fileRef = C96FA99A29ECAB8800715C84 /* 4e7f0c83gy1gam2mp0x4pj22tc240u0x.jpg */; };
		C96FA9EE29ECAB8800715C84 /* c5aa834fgy1gauzrb7s5ej20tz13qh5x.jpg in Resources */ = {isa = PBXBuildFile; fileRef = C96FA99B29ECAB8800715C84 /* c5aa834fgy1gauzrb7s5ej20tz13qh5x.jpg */; };
		C96FA9EF29ECAB8800715C84 /* 700a34f6gy1gaunswxtlrj20j60pkgok.jpg in Resources */ = {isa = PBXBuildFile; fileRef = C96FA99C29ECAB8800715C84 /* 700a34f6gy1gaunswxtlrj20j60pkgok.jpg */; };
		C96FA9F029ECAB8800715C84 /* 8a0b5544gy1gauy2ex786j20u0129aed.jpg in Resources */ = {isa = PBXBuildFile; fileRef = C96FA99D29ECAB8800715C84 /* 8a0b5544gy1gauy2ex786j20u0129aed.jpg */; };
		C96FA9F129ECAB8800715C84 /* 76297935ly1gatz89dzblj23402c0qv6.jpg in Resources */ = {isa = PBXBuildFile; fileRef = C96FA99E29ECAB8800715C84 /* 76297935ly1gatz89dzblj23402c0qv6.jpg */; };
		C96FA9F229ECAB8800715C84 /* 700a34f6gy1gaunswy5qnj20j60pkadk.jpg in Resources */ = {isa = PBXBuildFile; fileRef = C96FA99F29ECAB8800715C84 /* 700a34f6gy1gaunswy5qnj20j60pkadk.jpg */; };
		C96FA9F329ECAB8800715C84 /* bca7fdafgw1ekhkps65b1j2050050dg4.jpg in Resources */ = {isa = PBXBuildFile; fileRef = C96FA9A029ECAB8800715C84 /* bca7fdafgw1ekhkps65b1j2050050dg4.jpg */; };
		C96FA9F429ECAB8800715C84 /* PostListData_recommend_1.json in Resources */ = {isa = PBXBuildFile; fileRef = C96FA9A129ECAB8800715C84 /* PostListData_recommend_1.json */; };
		C96FA9F529ECAB8800715C84 /* 006gWxMEly8g0bjpl3ynij30kv0kv773.jpg in Resources */ = {isa = PBXBuildFile; fileRef = C96FA9A229ECAB8800715C84 /* 006gWxMEly8g0bjpl3ynij30kv0kv773.jpg */; };
		C96FA9F629ECAB8800715C84 /* 6ec3b446gy1gavd51jc4lj20j60pmwhl.jpg in Resources */ = {isa = PBXBuildFile; fileRef = C96FA9A329ECAB8800715C84 /* 6ec3b446gy1gavd51jc4lj20j60pmwhl.jpg */; };
		C96FA9F729ECAB8800715C84 /* 006gWxMEly1gavap88gttj30hs0a0dgf.jpg in Resources */ = {isa = PBXBuildFile; fileRef = C96FA9A429ECAB8800715C84 /* 006gWxMEly1gavap88gttj30hs0a0dgf.jpg */; };
		C96FA9F829ECAB8800715C84 /* 4e7f0c83gy1gam2ml6nucj22tc240kjl.jpg in Resources */ = {isa = PBXBuildFile; fileRef = C96FA9A529ECAB8800715C84 /* 4e7f0c83gy1gam2ml6nucj22tc240kjl.jpg */; };
		C96FA9F929ECAB8800715C84 /* 4e7f0c83gy1gam2misv31j21hc0u016k.jpg in Resources */ = {isa = PBXBuildFile; fileRef = C96FA9A629ECAB8800715C84 /* 4e7f0c83gy1gam2misv31j21hc0u016k.jpg */; };
		C96FA9FA29ECAB8800715C84 /* 8a0b5544gy1gauy2gmkg9j20u00gegnp.jpg in Resources */ = {isa = PBXBuildFile; fileRef = C96FA9A729ECAB8800715C84 /* 8a0b5544gy1gauy2gmkg9j20u00gegnp.jpg */; };
		C96FA9FB29ECAB8800715C84 /* 006gWxMEly1gavap8vsqaj30hs0bwgm6.jpg in Resources */ = {isa = PBXBuildFile; fileRef = C96FA9A829ECAB8800715C84 /* 006gWxMEly1gavap8vsqaj30hs0bwgm6.jpg */; };
		C96FA9FC29ECAB8800715C84 /* 648ed25bjw8est9nqrtnij20500503yr.jpg in Resources */ = {isa = PBXBuildFile; fileRef = C96FA9A929ECAB8800715C84 /* 648ed25bjw8est9nqrtnij20500503yr.jpg */; };
		C96FA9FD29ECAB8800715C84 /* eb5c94aegy1gav25ox6dvj20u00k1go9.jpg in Resources */ = {isa = PBXBuildFile; fileRef = C96FA9AA29ECAB8800715C84 /* eb5c94aegy1gav25ox6dvj20u00k1go9.jpg */; };
		C96FA9FE29ECAB8800715C84 /* 8a0b5544gy1gauy2g35yoj20u00fomzf.jpg in Resources */ = {isa = PBXBuildFile; fileRef = C96FA9AB29ECAB8800715C84 /* 8a0b5544gy1gauy2g35yoj20u00fomzf.jpg */; };
		C96FA9FF29ECAB8800715C84 /* 006PdkDoly8ffywe2fq39j304g04gwed.jpg in Resources */ = {isa = PBXBuildFile; fileRef = C96FA9AC29ECAB8800715C84 /* 006PdkDoly8ffywe2fq39j304g04gwed.jpg */; };
		C96FAA0029ECAB8800715C84 /* 700a34f6gy1gaunsxgzixj20j60edmz8.jpg in Resources */ = {isa = PBXBuildFile; fileRef = C96FA9AD29ECAB8800715C84 /* 700a34f6gy1gaunsxgzixj20j60edmz8.jpg */; };
		C96FAA0129ECAB8800715C84 /* bca7fdafly1gax1gqdnboj20c80atmxp.jpg in Resources */ = {isa = PBXBuildFile; fileRef = C96FA9AE29ECAB8800715C84 /* bca7fdafly1gax1gqdnboj20c80atmxp.jpg */; };
		C96FAA0229ECAB8800715C84 /* c5aa834fgy1gauzr6venkj20u01hc12f.jpg in Resources */ = {isa = PBXBuildFile; fileRef = C96FA9AF29ECAB8800715C84 /* c5aa834fgy1gauzr6venkj20u01hc12f.jpg */; };
		C96FAA0329ECAB8800715C84 /* 7f9147a5ly1fzxlh6hzdnj20e90fl7me.jpg in Resources */ = {isa = PBXBuildFile; fileRef = C96FA9B029ECAB8800715C84 /* 7f9147a5ly1fzxlh6hzdnj20e90fl7me.jpg */; };
		C96FAA0429ECAB8800715C84 /* 630584a6gy1gau54zm4dtj20m80dftbv.jpg in Resources */ = {isa = PBXBuildFile; fileRef = C96FA9B129ECAB8800715C84 /* 630584a6gy1gau54zm4dtj20m80dftbv.jpg */; };
		C96FAA0529ECAB8800715C84 /* c5aa834fgy1gauzr86bp5j20pb0w47in.jpg in Resources */ = {isa = PBXBuildFile; fileRef = C96FA9B229ECAB8800715C84 /* c5aa834fgy1gauzr86bp5j20pb0w47in.jpg */; };
		C96FAA0629ECAB8800715C84 /* 9dc7402fgy1gavd39ba15j20j60nywii.jpg in Resources */ = {isa = PBXBuildFile; fileRef = C96FA9B329ECAB8800715C84 /* 9dc7402fgy1gavd39ba15j20j60nywii.jpg */; };
		C96FAA0729ECAB8800715C84 /* bca7fdafly1gax1gqfgsjj20c80axaay.jpg in Resources */ = {isa = PBXBuildFile; fileRef = C96FA9B429ECAB8800715C84 /* bca7fdafly1gax1gqfgsjj20c80axaay.jpg */; };
		C96FAA0829ECAB8800715C84 /* c5aa834fly8g97m8ix9lcj20re0regnk.jpg in Resources */ = {isa = PBXBuildFile; fileRef = C96FA9B529ECAB8800715C84 /* c5aa834fly8g97m8ix9lcj20re0regnk.jpg */; };
		C96FAA0929ECAB8800715C84 /* 700a34f6ly8g9a29rjt92j20fn0iqdg8.jpg in Resources */ = {isa = PBXBuildFile; fileRef = C96FA9B629ECAB8800715C84 /* 700a34f6ly8g9a29rjt92j20fn0iqdg8.jpg */; };
		C96FAA0A29ECAB8800715C84 /* d0c21786ly1gavj2cdrkyj20c80720tg.jpg in Resources */ = {isa = PBXBuildFile; fileRef = C96FA9B729ECAB8800715C84 /* d0c21786ly1gavj2cdrkyj20c80720tg.jpg */; };
		C96FAA0B29ECAB8800715C84 /* bca7fdafly1gax1gqehdaj20c80atq3x.jpg in Resources */ = {isa = PBXBuildFile; fileRef = C96FA9B829ECAB8800715C84 /* bca7fdafly1gax1gqehdaj20c80atq3x.jpg */; };
		C96FAA0C29ECAB8800715C84 /* d0c21786ly1gavj2d17d9j20c808zq3r.jpg in Resources */ = {isa = PBXBuildFile; fileRef = C96FA9B929ECAB8800715C84 /* d0c21786ly1gavj2d17d9j20c808zq3r.jpg */; };
		C96FAA0D29ECAB8800715C84 /* 8a0b5544gy1gauy2gz000j20u00n6wgj.jpg in Resources */ = {isa = PBXBuildFile; fileRef = C96FA9BA29ECAB8800715C84 /* 8a0b5544gy1gauy2gz000j20u00n6wgj.jpg */; };
		C96FAA0E29ECAB8800715C84 /* 006PdkDogy1gap6ngj12ej30u011itf7.jpg in Resources */ = {isa = PBXBuildFile; fileRef = C96FA9BB29ECAB8800715C84 /* 006PdkDogy1gap6ngj12ej30u011itf7.jpg */; };
		C96FAA0F29ECAB8800715C84 /* 700a34f6gy1gaunsx2jywj20j60pkaeu.jpg in Resources */ = {isa = PBXBuildFile; fileRef = C96FA9BC29ECAB8800715C84 /* 700a34f6gy1gaunsx2jywj20j60pkaeu.jpg */; };
		C96FAA1029ECAB8800715C84 /* 4e7f0c83gy1gam2mr1b81j22tc2407wi.jpg in Resources */ = {isa = PBXBuildFile; fileRef = C96FA9BD29ECAB8800715C84 /* 4e7f0c83gy1gam2mr1b81j22tc2407wi.jpg */; };
		C96FAA1129ECAB8800715C84 /* 6a2afec3jw8fb4ld0qf2gj20e80dsdfz.jpg in Resources */ = {isa = PBXBuildFile; fileRef = C96FA9BE29ECAB8800715C84 /* 6a2afec3jw8fb4ld0qf2gj20e80dsdfz.jpg */; };
		C96FAA1229ECAB8800715C84 /* bca7fdafly1gax1gqd9vmj20c80ayaam.jpg in Resources */ = {isa = PBXBuildFile; fileRef = C96FA9BF29ECAB8800715C84 /* bca7fdafly1gax1gqd9vmj20c80ayaam.jpg */; };
		C96FAA1329ECAB8800715C84 /* 8a0b5544gy1gauy2hcozsj20u01czdiy.jpg in Resources */ = {isa = PBXBuildFile; fileRef = C96FA9C029ECAB8800715C84 /* 8a0b5544gy1gauy2hcozsj20u01czdiy.jpg */; };
		C96FAA1429ECAB8800715C84 /* c5aa834fgy1gauzr95r6fj20tw0l3dq4.jpg in Resources */ = {isa = PBXBuildFile; fileRef = C96FA9C129ECAB8800715C84 /* c5aa834fgy1gauzr95r6fj20tw0l3dq4.jpg */; };
		C96FAA1529ECAB8800715C84 /* 006PdkDogy1gap6ngiyn3j30u011idle.jpg in Resources */ = {isa = PBXBuildFile; fileRef = C96FA9C229ECAB8800715C84 /* 006PdkDogy1gap6ngiyn3j30u011idle.jpg */; };
		C96FAA1629ECAB8800715C84 /* d0c21786ly1gavj2btv6tj20c80790tg.jpg in Resources */ = {isa = PBXBuildFile; fileRef = C96FA9C329ECAB8800715C84 /* d0c21786ly1gavj2btv6tj20c80790tg.jpg */; };
		C96FAA1729ECAB8800715C84 /* PostListData_hot_1.json in Resources */ = {isa = PBXBuildFile; fileRef = C96FA9C429ECAB8800715C84 /* PostListData_hot_1.json */; };
		C96FAA1829ECAB8800715C84 /* eb5c94aely8fmvumnl9baj20v90v9q49.jpg in Resources */ = {isa = PBXBuildFile; fileRef = C96FA9C529ECAB8800715C84 /* eb5c94aely8fmvumnl9baj20v90v9q49.jpg */; };
		C96FAA1929ECAB8800715C84 /* 630584a6ly8fqs5wwkkmrj20ku0kuta7.jpg in Resources */ = {isa = PBXBuildFile; fileRef = C96FA9C629ECAB8800715C84 /* 630584a6ly8fqs5wwkkmrj20ku0kuta7.jpg */; };
		C96FAA1A29ECAB8800715C84 /* d0c21786ly1gavj2cowp9j20c8083ab4.jpg in Resources */ = {isa = PBXBuildFile; fileRef = C96FA9C729ECAB8800715C84 /* d0c21786ly1gavj2cowp9j20c8083ab4.jpg */; };
		C96FAA1B29ECAB8800715C84 /* 9dc7402fgy1gavd367p0pj20j60nywic.jpg in Resources */ = {isa = PBXBuildFile; fileRef = C96FA9C829ECAB8800715C84 /* 9dc7402fgy1gavd367p0pj20j60nywic.jpg */; };
		C96FAA1C29ECAB8800715C84 /* 006gWxMEly1gavap86qr9j30ht0qo40t.jpg in Resources */ = {isa = PBXBuildFile; fileRef = C96FA9C929ECAB8800715C84 /* 006gWxMEly1gavap86qr9j30ht0qo40t.jpg */; };
		C96FAA1D29ECAB8800715C84 /* 76297935ly1gatz8k5itij22c02c01ky.jpg in Resources */ = {isa = PBXBuildFile; fileRef = C96FA9CA29ECAB8800715C84 /* 76297935ly1gatz8k5itij22c02c01ky.jpg */; };
		C96FAA1E29ECAB8800715C84 /* 76297935ly1gatz8g5rvxj22c03401kz.jpg in Resources */ = {isa = PBXBuildFile; fileRef = C96FA9CB29ECAB8800715C84 /* 76297935ly1gatz8g5rvxj22c03401kz.jpg */; };
		C96FAA1F29ECAB8800715C84 /* 700a34f6gy1gaunsxhp4pj20j60pkn1k.jpg in Resources */ = {isa = PBXBuildFile; fileRef = C96FA9CC29ECAB8800715C84 /* 700a34f6gy1gaunsxhp4pj20j60pkn1k.jpg */; };
		C96FAA2029ECAB8800715C84 /* eb5c94aegy1gav2509cp5j20zk0k0n2j.jpg in Resources */ = {isa = PBXBuildFile; fileRef = C96FA9CD29ECAB8800715C84 /* eb5c94aegy1gav2509cp5j20zk0k0n2j.jpg */; };
		C96FAA2129ECAB8800715C84 /* 4e7f0c83gy1gam2mn58d3j22tc240qv5.jpg in Resources */ = {isa = PBXBuildFile; fileRef = C96FA9CE29ECAB8800715C84 /* 4e7f0c83gy1gam2mn58d3j22tc240qv5.jpg */; };
		C96FAA2229ECAB8800715C84 /* eb5c94aegy1gav26fycwlj20zk1h8drh.jpg in Resources */ = {isa = PBXBuildFile; fileRef = C96FA9CF29ECAB8800715C84 /* eb5c94aegy1gav26fycwlj20zk1h8drh.jpg */; };
		C96FAA2329ECAB8800715C84 /* 630584a6gy1gau54zyj61j20m80etn07.jpg in Resources */ = {isa = PBXBuildFile; fileRef = C96FA9D029ECAB8800715C84 /* 630584a6gy1gau54zyj61j20m80etn07.jpg */; };
		C96FAA2429ECAB8800715C84 /* c5aa834fgy1gauzr8ok78j20tz12fk8w.jpg in Resources */ = {isa = PBXBuildFile; fileRef = C96FA9D129ECAB8800715C84 /* c5aa834fgy1gauzr8ok78j20tz12fk8w.jpg */; };
		C96FAA2529ECAB8800715C84 /* 76297935ly8g4phfkq68hj20u00u0mzt.jpg in Resources */ = {isa = PBXBuildFile; fileRef = C96FA9D229ECAB8800715C84 /* 76297935ly8g4phfkq68hj20u00u0mzt.jpg */; };
		C96FAA2629ECAB8800715C84 /* 9dc7402fgy1gavd37l9nwj20j60ny44q.jpg in Resources */ = {isa = PBXBuildFile; fileRef = C96FA9D329ECAB8800715C84 /* 9dc7402fgy1gavd37l9nwj20j60ny44q.jpg */; };
		C96FAA2729ECAB8800715C84 /* 700a34f6gy1gaunswwui7j20j60pl78e.jpg in Resources */ = {isa = PBXBuildFile; fileRef = C96FA9D429ECAB8800715C84 /* 700a34f6gy1gaunswwui7j20j60pl78e.jpg */; };
		C96FAA2829ECAB8800715C84 /* 630584a6gy1gau54zgaxhj20m80et0vq.jpg in Resources */ = {isa = PBXBuildFile; fileRef = C96FA9D529ECAB8800715C84 /* 630584a6gy1gau54zgaxhj20m80et0vq.jpg */; };
		C96FAA2929ECAB8800715C84 /* 4e7f0c83gy1gam2mjhk8zj21hc0v6wnx.jpg in Resources */ = {isa = PBXBuildFile; fileRef = C96FA9D629ECAB8800715C84 /* 4e7f0c83gy1gam2mjhk8zj21hc0v6wnx.jpg */; };
		C96FAA2A29ECAB8800715C84 /* 6ec3b446gy1gavd4xud8lj20j60qkwj0.jpg in Resources */ = {isa = PBXBuildFile; fileRef = C96FA9D729ECAB8800715C84 /* 6ec3b446gy1gavd4xud8lj20j60qkwj0.jpg */; };
		C96FAA2B29ECAB8800715C84 /* 4e7f0c83ly8g1ho507078j20ro0rojtq.jpg in Resources */ = {isa = PBXBuildFile; fileRef = C96FA9D829ECAB8800715C84 /* 4e7f0c83ly8g1ho507078j20ro0rojtq.jpg */; };
		C96FAA2C29ECAB8800715C84 /* bca7fdafly1gax1gqdhouj20c80axaam.jpg in Resources */ = {isa = PBXBuildFile; fileRef = C96FA9D929ECAB8800715C84 /* bca7fdafly1gax1gqdhouj20c80axaam.jpg */; };
		C96FAA2D29ECAB8800715C84 /* 6ec3b446gy1gavd523embj20j60pytd6.jpg in Resources */ = {isa = PBXBuildFile; fileRef = C96FA9DA29ECAB8800715C84 /* 6ec3b446gy1gavd523embj20j60pytd6.jpg */; };
		C96FAA2E29ECAB8800715C84 /* 005tnxzUly8gab4i2r73xj30u00u0js8.jpg in Resources */ = {isa = PBXBuildFile; fileRef = C96FA9DB29ECAB8800715C84 /* 005tnxzUly8gab4i2r73xj30u00u0js8.jpg */; };
		C994706B29ECB4E500F800CA /* PostCell.swift in Sources */ = {isa = PBXBuildFile; fileRef = C994706A29ECB4E500F800CA /* PostCell.swift */; };
		C994706D29ECB51700F800CA /* VIPBadge.swift in Sources */ = {isa = PBXBuildFile; fileRef = C994706C29ECB51700F800CA /* VIPBadge.swift */; };
		C9C2DD7B29ECA51900C174B3 /* WeiboAppApp.swift in Sources */ = {isa = PBXBuildFile; fileRef = C9C2DD7A29ECA51900C174B3 /* WeiboAppApp.swift */; };
		C9C2DD7D29ECA51900C174B3 /* ContentView.swift in Sources */ = {isa = PBXBuildFile; fileRef = C9C2DD7C29ECA51900C174B3 /* ContentView.swift */; };
		C9C2DD7F29ECA51A00C174B3 /* Assets.xcassets in Resources */ = {isa = PBXBuildFile; fileRef = C9C2DD7E29ECA51A00C174B3 /* Assets.xcassets */; };
		C9C2DD8229ECA51A00C174B3 /* Preview Assets.xcassets in Resources */ = {isa = PBXBuildFile; fileRef = C9C2DD8129ECA51A00C174B3 /* Preview Assets.xcassets */; };
		C9C2DD8C29ECA51A00C174B3 /* WeiboAppTests.swift in Sources */ = {isa = PBXBuildFile; fileRef = C9C2DD8B29ECA51A00C174B3 /* WeiboAppTests.swift */; };
		C9C2DD9629ECA51A00C174B3 /* WeiboAppUITests.swift in Sources */ = {isa = PBXBuildFile; fileRef = C9C2DD9529ECA51A00C174B3 /* WeiboAppUITests.swift */; };
		C9C2DD9829ECA51A00C174B3 /* WeiboAppUITestsLaunchTests.swift in Sources */ = {isa = PBXBuildFile; fileRef = C9C2DD9729ECA51A00C174B3 /* WeiboAppUITestsLaunchTests.swift */; };
/* End PBXBuildFile section */

/* Begin PBXContainerItemProxy section */
		C9C2DD8829ECA51A00C174B3 /* PBXContainerItemProxy */ = {
			isa = PBXContainerItemProxy;
			containerPortal = C9C2DD6F29ECA51900C174B3 /* Project object */;
			proxyType = 1;
			remoteGlobalIDString = C9C2DD7629ECA51900C174B3;
			remoteInfo = WeiboApp;
		};
		C9C2DD9229ECA51A00C174B3 /* PBXContainerItemProxy */ = {
			isa = PBXContainerItemProxy;
			containerPortal = C9C2DD6F29ECA51900C174B3 /* Project object */;
			proxyType = 1;
			remoteGlobalIDString = C9C2DD7629ECA51900C174B3;
			remoteInfo = WeiboApp;
		};
/* End PBXContainerItemProxy section */

/* Begin PBXFileReference section */
		C96FA98929ECAB8800715C84 /* 8697cf1ely8gashxj3b09j20u00u040v.jpg */ = {isa = PBXFileReference; lastKnownFileType = image.jpeg; path = 8697cf1ely8gashxj3b09j20u00u040v.jpg; sourceTree = "<group>"; };
		C96FA98A29ECAB8800715C84 /* d0c21786ly1gavj2c0kcej20c8096dh7.jpg */ = {isa = PBXFileReference; lastKnownFileType = image.jpeg; path = d0c21786ly1gavj2c0kcej20c8096dh7.jpg; sourceTree = "<group>"; };
		C96FA98B29ECAB8800715C84 /* 6ec3b446jw1e8qgp5bmzyj2050050aa8.jpg */ = {isa = PBXFileReference; lastKnownFileType = image.jpeg; path = 6ec3b446jw1e8qgp5bmzyj2050050aa8.jpg; sourceTree = "<group>"; };
		C96FA98C29ECAB8800715C84 /* 8a0b5544jw1e8qgp5bmzyj2050050aa8.jpg */ = {isa = PBXFileReference; lastKnownFileType = image.jpeg; path = 8a0b5544jw1e8qgp5bmzyj2050050aa8.jpg; sourceTree = "<group>"; };
		C96FA98D29ECAB8800715C84 /* bca7fdafly1gax1gqdg6qj20c80avdgl.jpg */ = {isa = PBXFileReference; lastKnownFileType = image.jpeg; path = bca7fdafly1gax1gqdg6qj20c80avdgl.jpg; sourceTree = "<group>"; };
		C96FA98E29ECAB8800715C84 /* 9dc7402fjw1e8qgp5bmzyj2050050aa8.jpg */ = {isa = PBXFileReference; lastKnownFileType = image.jpeg; path = 9dc7402fjw1e8qgp5bmzyj2050050aa8.jpg; sourceTree = "<group>"; };
		C96FA98F29ECAB8800715C84 /* eb5c94aegy1gav25n5ibjj20zk1h8wuu.jpg */ = {isa = PBXFileReference; lastKnownFileType = image.jpeg; path = eb5c94aegy1gav25n5ibjj20zk1h8wuu.jpg; sourceTree = "<group>"; };
		C96FA99029ECAB8800715C84 /* 006gWxMEly1gavap8dywoj30hs0bwq48.jpg */ = {isa = PBXFileReference; lastKnownFileType = image.jpeg; path = 006gWxMEly1gavap8dywoj30hs0bwq48.jpg; sourceTree = "<group>"; };
		C96FA99129ECAB8800715C84 /* 630584a6gy1gau54zl806j20m80etmzo.jpg */ = {isa = PBXFileReference; lastKnownFileType = image.jpeg; path = 630584a6gy1gau54zl806j20m80etmzo.jpg; sourceTree = "<group>"; };
		C96FA99229ECAB8800715C84 /* 9dc7402fgy1gavd38wwlrj20j60nyq6y.jpg */ = {isa = PBXFileReference; lastKnownFileType = image.jpeg; path = 9dc7402fgy1gavd38wwlrj20j60nyq6y.jpg; sourceTree = "<group>"; };
		C96FA99329ECAB8800715C84 /* 8a0b5544gy1gauy2flua6j20u00hitab.jpg */ = {isa = PBXFileReference; lastKnownFileType = image.jpeg; path = 8a0b5544gy1gauy2flua6j20u00hitab.jpg; sourceTree = "<group>"; };
		C96FA99429ECAB8800715C84 /* 7f9147a5ly1fzxlh4ovuej20e90fl4fo.jpg */ = {isa = PBXFileReference; lastKnownFileType = image.jpeg; path = 7f9147a5ly1fzxlh4ovuej20e90fl4fo.jpg; sourceTree = "<group>"; };
		C96FA99529ECAB8800715C84 /* 7f9147a5ly1fzxlgxgzpij20e90fltsj.jpg */ = {isa = PBXFileReference; lastKnownFileType = image.jpeg; path = 7f9147a5ly1fzxlgxgzpij20e90fltsj.jpg; sourceTree = "<group>"; };
		C96FA99629ECAB8800715C84 /* 76297935ly1gatz8obqvkj22c0340npe.jpg */ = {isa = PBXFileReference; lastKnownFileType = image.jpeg; path = 76297935ly1gatz8obqvkj22c0340npe.jpg; sourceTree = "<group>"; };
		C96FA99729ECAB8800715C84 /* d0c21786ly8fsax1ftiifj20ro0ro43g.jpg */ = {isa = PBXFileReference; lastKnownFileType = image.jpeg; path = d0c21786ly8fsax1ftiifj20ro0ro43g.jpg; sourceTree = "<group>"; };
		C96FA99829ECAB8800715C84 /* 9dc7402fgy1gavd38kqjtj20j60nyn1d.jpg */ = {isa = PBXFileReference; lastKnownFileType = image.jpeg; path = 9dc7402fgy1gavd38kqjtj20j60nyn1d.jpg; sourceTree = "<group>"; };
		C96FA99929ECAB8800715C84 /* 6a2afec3gy1gaulykcejqj20t5145wns.jpg */ = {isa = PBXFileReference; lastKnownFileType = image.jpeg; path = 6a2afec3gy1gaulykcejqj20t5145wns.jpg; sourceTree = "<group>"; };
		C96FA99A29ECAB8800715C84 /* 4e7f0c83gy1gam2mp0x4pj22tc240u0x.jpg */ = {isa = PBXFileReference; lastKnownFileType = image.jpeg; path = 4e7f0c83gy1gam2mp0x4pj22tc240u0x.jpg; sourceTree = "<group>"; };
		C96FA99B29ECAB8800715C84 /* c5aa834fgy1gauzrb7s5ej20tz13qh5x.jpg */ = {isa = PBXFileReference; lastKnownFileType = image.jpeg; path = c5aa834fgy1gauzrb7s5ej20tz13qh5x.jpg; sourceTree = "<group>"; };
		C96FA99C29ECAB8800715C84 /* 700a34f6gy1gaunswxtlrj20j60pkgok.jpg */ = {isa = PBXFileReference; lastKnownFileType = image.jpeg; path = 700a34f6gy1gaunswxtlrj20j60pkgok.jpg; sourceTree = "<group>"; };
		C96FA99D29ECAB8800715C84 /* 8a0b5544gy1gauy2ex786j20u0129aed.jpg */ = {isa = PBXFileReference; lastKnownFileType = image.jpeg; path = 8a0b5544gy1gauy2ex786j20u0129aed.jpg; sourceTree = "<group>"; };
		C96FA99E29ECAB8800715C84 /* 76297935ly1gatz89dzblj23402c0qv6.jpg */ = {isa = PBXFileReference; lastKnownFileType = image.jpeg; path = 76297935ly1gatz89dzblj23402c0qv6.jpg; sourceTree = "<group>"; };
		C96FA99F29ECAB8800715C84 /* 700a34f6gy1gaunswy5qnj20j60pkadk.jpg */ = {isa = PBXFileReference; lastKnownFileType = image.jpeg; path = 700a34f6gy1gaunswy5qnj20j60pkadk.jpg; sourceTree = "<group>"; };
		C96FA9A029ECAB8800715C84 /* bca7fdafgw1ekhkps65b1j2050050dg4.jpg */ = {isa = PBXFileReference; lastKnownFileType = image.jpeg; path = bca7fdafgw1ekhkps65b1j2050050dg4.jpg; sourceTree = "<group>"; };
		C96FA9A129ECAB8800715C84 /* PostListData_recommend_1.json */ = {isa = PBXFileReference; fileEncoding = 4; lastKnownFileType = text.json; path = PostListData_recommend_1.json; sourceTree = "<group>"; };
		C96FA9A229ECAB8800715C84 /* 006gWxMEly8g0bjpl3ynij30kv0kv773.jpg */ = {isa = PBXFileReference; lastKnownFileType = image.jpeg; path = 006gWxMEly8g0bjpl3ynij30kv0kv773.jpg; sourceTree = "<group>"; };
		C96FA9A329ECAB8800715C84 /* 6ec3b446gy1gavd51jc4lj20j60pmwhl.jpg */ = {isa = PBXFileReference; lastKnownFileType = image.jpeg; path = 6ec3b446gy1gavd51jc4lj20j60pmwhl.jpg; sourceTree = "<group>"; };
		C96FA9A429ECAB8800715C84 /* 006gWxMEly1gavap88gttj30hs0a0dgf.jpg */ = {isa = PBXFileReference; lastKnownFileType = image.jpeg; path = 006gWxMEly1gavap88gttj30hs0a0dgf.jpg; sourceTree = "<group>"; };
		C96FA9A529ECAB8800715C84 /* 4e7f0c83gy1gam2ml6nucj22tc240kjl.jpg */ = {isa = PBXFileReference; lastKnownFileType = image.jpeg; path = 4e7f0c83gy1gam2ml6nucj22tc240kjl.jpg; sourceTree = "<group>"; };
		C96FA9A629ECAB8800715C84 /* 4e7f0c83gy1gam2misv31j21hc0u016k.jpg */ = {isa = PBXFileReference; lastKnownFileType = image.jpeg; path = 4e7f0c83gy1gam2misv31j21hc0u016k.jpg; sourceTree = "<group>"; };
		C96FA9A729ECAB8800715C84 /* 8a0b5544gy1gauy2gmkg9j20u00gegnp.jpg */ = {isa = PBXFileReference; lastKnownFileType = image.jpeg; path = 8a0b5544gy1gauy2gmkg9j20u00gegnp.jpg; sourceTree = "<group>"; };
		C96FA9A829ECAB8800715C84 /* 006gWxMEly1gavap8vsqaj30hs0bwgm6.jpg */ = {isa = PBXFileReference; lastKnownFileType = image.jpeg; path = 006gWxMEly1gavap8vsqaj30hs0bwgm6.jpg; sourceTree = "<group>"; };
		C96FA9A929ECAB8800715C84 /* 648ed25bjw8est9nqrtnij20500503yr.jpg */ = {isa = PBXFileReference; lastKnownFileType = image.jpeg; path = 648ed25bjw8est9nqrtnij20500503yr.jpg; sourceTree = "<group>"; };
		C96FA9AA29ECAB8800715C84 /* eb5c94aegy1gav25ox6dvj20u00k1go9.jpg */ = {isa = PBXFileReference; lastKnownFileType = image.jpeg; path = eb5c94aegy1gav25ox6dvj20u00k1go9.jpg; sourceTree = "<group>"; };
		C96FA9AB29ECAB8800715C84 /* 8a0b5544gy1gauy2g35yoj20u00fomzf.jpg */ = {isa = PBXFileReference; lastKnownFileType = image.jpeg; path = 8a0b5544gy1gauy2g35yoj20u00fomzf.jpg; sourceTree = "<group>"; };
		C96FA9AC29ECAB8800715C84 /* 006PdkDoly8ffywe2fq39j304g04gwed.jpg */ = {isa = PBXFileReference; lastKnownFileType = image.jpeg; path = 006PdkDoly8ffywe2fq39j304g04gwed.jpg; sourceTree = "<group>"; };
		C96FA9AD29ECAB8800715C84 /* 700a34f6gy1gaunsxgzixj20j60edmz8.jpg */ = {isa = PBXFileReference; lastKnownFileType = image.jpeg; path = 700a34f6gy1gaunsxgzixj20j60edmz8.jpg; sourceTree = "<group>"; };
		C96FA9AE29ECAB8800715C84 /* bca7fdafly1gax1gqdnboj20c80atmxp.jpg */ = {isa = PBXFileReference; lastKnownFileType = image.jpeg; path = bca7fdafly1gax1gqdnboj20c80atmxp.jpg; sourceTree = "<group>"; };
		C96FA9AF29ECAB8800715C84 /* c5aa834fgy1gauzr6venkj20u01hc12f.jpg */ = {isa = PBXFileReference; lastKnownFileType = image.jpeg; path = c5aa834fgy1gauzr6venkj20u01hc12f.jpg; sourceTree = "<group>"; };
		C96FA9B029ECAB8800715C84 /* 7f9147a5ly1fzxlh6hzdnj20e90fl7me.jpg */ = {isa = PBXFileReference; lastKnownFileType = image.jpeg; path = 7f9147a5ly1fzxlh6hzdnj20e90fl7me.jpg; sourceTree = "<group>"; };
		C96FA9B129ECAB8800715C84 /* 630584a6gy1gau54zm4dtj20m80dftbv.jpg */ = {isa = PBXFileReference; lastKnownFileType = image.jpeg; path = 630584a6gy1gau54zm4dtj20m80dftbv.jpg; sourceTree = "<group>"; };
		C96FA9B229ECAB8800715C84 /* c5aa834fgy1gauzr86bp5j20pb0w47in.jpg */ = {isa = PBXFileReference; lastKnownFileType = image.jpeg; path = c5aa834fgy1gauzr86bp5j20pb0w47in.jpg; sourceTree = "<group>"; };
		C96FA9B329ECAB8800715C84 /* 9dc7402fgy1gavd39ba15j20j60nywii.jpg */ = {isa = PBXFileReference; lastKnownFileType = image.jpeg; path = 9dc7402fgy1gavd39ba15j20j60nywii.jpg; sourceTree = "<group>"; };
		C96FA9B429ECAB8800715C84 /* bca7fdafly1gax1gqfgsjj20c80axaay.jpg */ = {isa = PBXFileReference; lastKnownFileType = image.jpeg; path = bca7fdafly1gax1gqfgsjj20c80axaay.jpg; sourceTree = "<group>"; };
		C96FA9B529ECAB8800715C84 /* c5aa834fly8g97m8ix9lcj20re0regnk.jpg */ = {isa = PBXFileReference; lastKnownFileType = image.jpeg; path = c5aa834fly8g97m8ix9lcj20re0regnk.jpg; sourceTree = "<group>"; };
		C96FA9B629ECAB8800715C84 /* 700a34f6ly8g9a29rjt92j20fn0iqdg8.jpg */ = {isa = PBXFileReference; lastKnownFileType = image.jpeg; path = 700a34f6ly8g9a29rjt92j20fn0iqdg8.jpg; sourceTree = "<group>"; };
		C96FA9B729ECAB8800715C84 /* d0c21786ly1gavj2cdrkyj20c80720tg.jpg */ = {isa = PBXFileReference; lastKnownFileType = image.jpeg; path = d0c21786ly1gavj2cdrkyj20c80720tg.jpg; sourceTree = "<group>"; };
		C96FA9B829ECAB8800715C84 /* bca7fdafly1gax1gqehdaj20c80atq3x.jpg */ = {isa = PBXFileReference; lastKnownFileType = image.jpeg; path = bca7fdafly1gax1gqehdaj20c80atq3x.jpg; sourceTree = "<group>"; };
		C96FA9B929ECAB8800715C84 /* d0c21786ly1gavj2d17d9j20c808zq3r.jpg */ = {isa = PBXFileReference; lastKnownFileType = image.jpeg; path = d0c21786ly1gavj2d17d9j20c808zq3r.jpg; sourceTree = "<group>"; };
		C96FA9BA29ECAB8800715C84 /* 8a0b5544gy1gauy2gz000j20u00n6wgj.jpg */ = {isa = PBXFileReference; lastKnownFileType = image.jpeg; path = 8a0b5544gy1gauy2gz000j20u00n6wgj.jpg; sourceTree = "<group>"; };
		C96FA9BB29ECAB8800715C84 /* 006PdkDogy1gap6ngj12ej30u011itf7.jpg */ = {isa = PBXFileReference; lastKnownFileType = image.jpeg; path = 006PdkDogy1gap6ngj12ej30u011itf7.jpg; sourceTree = "<group>"; };
		C96FA9BC29ECAB8800715C84 /* 700a34f6gy1gaunsx2jywj20j60pkaeu.jpg */ = {isa = PBXFileReference; lastKnownFileType = image.jpeg; path = 700a34f6gy1gaunsx2jywj20j60pkaeu.jpg; sourceTree = "<group>"; };
		C96FA9BD29ECAB8800715C84 /* 4e7f0c83gy1gam2mr1b81j22tc2407wi.jpg */ = {isa = PBXFileReference; lastKnownFileType = image.jpeg; path = 4e7f0c83gy1gam2mr1b81j22tc2407wi.jpg; sourceTree = "<group>"; };
		C96FA9BE29ECAB8800715C84 /* 6a2afec3jw8fb4ld0qf2gj20e80dsdfz.jpg */ = {isa = PBXFileReference; lastKnownFileType = image.jpeg; path = 6a2afec3jw8fb4ld0qf2gj20e80dsdfz.jpg; sourceTree = "<group>"; };
		C96FA9BF29ECAB8800715C84 /* bca7fdafly1gax1gqd9vmj20c80ayaam.jpg */ = {isa = PBXFileReference; lastKnownFileType = image.jpeg; path = bca7fdafly1gax1gqd9vmj20c80ayaam.jpg; sourceTree = "<group>"; };
		C96FA9C029ECAB8800715C84 /* 8a0b5544gy1gauy2hcozsj20u01czdiy.jpg */ = {isa = PBXFileReference; lastKnownFileType = image.jpeg; path = 8a0b5544gy1gauy2hcozsj20u01czdiy.jpg; sourceTree = "<group>"; };
		C96FA9C129ECAB8800715C84 /* c5aa834fgy1gauzr95r6fj20tw0l3dq4.jpg */ = {isa = PBXFileReference; lastKnownFileType = image.jpeg; path = c5aa834fgy1gauzr95r6fj20tw0l3dq4.jpg; sourceTree = "<group>"; };
		C96FA9C229ECAB8800715C84 /* 006PdkDogy1gap6ngiyn3j30u011idle.jpg */ = {isa = PBXFileReference; lastKnownFileType = image.jpeg; path = 006PdkDogy1gap6ngiyn3j30u011idle.jpg; sourceTree = "<group>"; };
		C96FA9C329ECAB8800715C84 /* d0c21786ly1gavj2btv6tj20c80790tg.jpg */ = {isa = PBXFileReference; lastKnownFileType = image.jpeg; path = d0c21786ly1gavj2btv6tj20c80790tg.jpg; sourceTree = "<group>"; };
		C96FA9C429ECAB8800715C84 /* PostListData_hot_1.json */ = {isa = PBXFileReference; fileEncoding = 4; lastKnownFileType = text.json; path = PostListData_hot_1.json; sourceTree = "<group>"; };
		C96FA9C529ECAB8800715C84 /* eb5c94aely8fmvumnl9baj20v90v9q49.jpg */ = {isa = PBXFileReference; lastKnownFileType = image.jpeg; path = eb5c94aely8fmvumnl9baj20v90v9q49.jpg; sourceTree = "<group>"; };
		C96FA9C629ECAB8800715C84 /* 630584a6ly8fqs5wwkkmrj20ku0kuta7.jpg */ = {isa = PBXFileReference; lastKnownFileType = image.jpeg; path = 630584a6ly8fqs5wwkkmrj20ku0kuta7.jpg; sourceTree = "<group>"; };
		C96FA9C729ECAB8800715C84 /* d0c21786ly1gavj2cowp9j20c8083ab4.jpg */ = {isa = PBXFileReference; lastKnownFileType = image.jpeg; path = d0c21786ly1gavj2cowp9j20c8083ab4.jpg; sourceTree = "<group>"; };
		C96FA9C829ECAB8800715C84 /* 9dc7402fgy1gavd367p0pj20j60nywic.jpg */ = {isa = PBXFileReference; lastKnownFileType = image.jpeg; path = 9dc7402fgy1gavd367p0pj20j60nywic.jpg; sourceTree = "<group>"; };
		C96FA9C929ECAB8800715C84 /* 006gWxMEly1gavap86qr9j30ht0qo40t.jpg */ = {isa = PBXFileReference; lastKnownFileType = image.jpeg; path = 006gWxMEly1gavap86qr9j30ht0qo40t.jpg; sourceTree = "<group>"; };
		C96FA9CA29ECAB8800715C84 /* 76297935ly1gatz8k5itij22c02c01ky.jpg */ = {isa = PBXFileReference; lastKnownFileType = image.jpeg; path = 76297935ly1gatz8k5itij22c02c01ky.jpg; sourceTree = "<group>"; };
		C96FA9CB29ECAB8800715C84 /* 76297935ly1gatz8g5rvxj22c03401kz.jpg */ = {isa = PBXFileReference; lastKnownFileType = image.jpeg; path = 76297935ly1gatz8g5rvxj22c03401kz.jpg; sourceTree = "<group>"; };
		C96FA9CC29ECAB8800715C84 /* 700a34f6gy1gaunsxhp4pj20j60pkn1k.jpg */ = {isa = PBXFileReference; lastKnownFileType = image.jpeg; path = 700a34f6gy1gaunsxhp4pj20j60pkn1k.jpg; sourceTree = "<group>"; };
		C96FA9CD29ECAB8800715C84 /* eb5c94aegy1gav2509cp5j20zk0k0n2j.jpg */ = {isa = PBXFileReference; lastKnownFileType = image.jpeg; path = eb5c94aegy1gav2509cp5j20zk0k0n2j.jpg; sourceTree = "<group>"; };
		C96FA9CE29ECAB8800715C84 /* 4e7f0c83gy1gam2mn58d3j22tc240qv5.jpg */ = {isa = PBXFileReference; lastKnownFileType = image.jpeg; path = 4e7f0c83gy1gam2mn58d3j22tc240qv5.jpg; sourceTree = "<group>"; };
		C96FA9CF29ECAB8800715C84 /* eb5c94aegy1gav26fycwlj20zk1h8drh.jpg */ = {isa = PBXFileReference; lastKnownFileType = image.jpeg; path = eb5c94aegy1gav26fycwlj20zk1h8drh.jpg; sourceTree = "<group>"; };
		C96FA9D029ECAB8800715C84 /* 630584a6gy1gau54zyj61j20m80etn07.jpg */ = {isa = PBXFileReference; lastKnownFileType = image.jpeg; path = 630584a6gy1gau54zyj61j20m80etn07.jpg; sourceTree = "<group>"; };
		C96FA9D129ECAB8800715C84 /* c5aa834fgy1gauzr8ok78j20tz12fk8w.jpg */ = {isa = PBXFileReference; lastKnownFileType = image.jpeg; path = c5aa834fgy1gauzr8ok78j20tz12fk8w.jpg; sourceTree = "<group>"; };
		C96FA9D229ECAB8800715C84 /* 76297935ly8g4phfkq68hj20u00u0mzt.jpg */ = {isa = PBXFileReference; lastKnownFileType = image.jpeg; path = 76297935ly8g4phfkq68hj20u00u0mzt.jpg; sourceTree = "<group>"; };
		C96FA9D329ECAB8800715C84 /* 9dc7402fgy1gavd37l9nwj20j60ny44q.jpg */ = {isa = PBXFileReference; lastKnownFileType = image.jpeg; path = 9dc7402fgy1gavd37l9nwj20j60ny44q.jpg; sourceTree = "<group>"; };
		C96FA9D429ECAB8800715C84 /* 700a34f6gy1gaunswwui7j20j60pl78e.jpg */ = {isa = PBXFileReference; lastKnownFileType = image.jpeg; path = 700a34f6gy1gaunswwui7j20j60pl78e.jpg; sourceTree = "<group>"; };
		C96FA9D529ECAB8800715C84 /* 630584a6gy1gau54zgaxhj20m80et0vq.jpg */ = {isa = PBXFileReference; lastKnownFileType = image.jpeg; path = 630584a6gy1gau54zgaxhj20m80et0vq.jpg; sourceTree = "<group>"; };
		C96FA9D629ECAB8800715C84 /* 4e7f0c83gy1gam2mjhk8zj21hc0v6wnx.jpg */ = {isa = PBXFileReference; lastKnownFileType = image.jpeg; path = 4e7f0c83gy1gam2mjhk8zj21hc0v6wnx.jpg; sourceTree = "<group>"; };
		C96FA9D729ECAB8800715C84 /* 6ec3b446gy1gavd4xud8lj20j60qkwj0.jpg */ = {isa = PBXFileReference; lastKnownFileType = image.jpeg; path = 6ec3b446gy1gavd4xud8lj20j60qkwj0.jpg; sourceTree = "<group>"; };
		C96FA9D829ECAB8800715C84 /* 4e7f0c83ly8g1ho507078j20ro0rojtq.jpg */ = {isa = PBXFileReference; lastKnownFileType = image.jpeg; path = 4e7f0c83ly8g1ho507078j20ro0rojtq.jpg; sourceTree = "<group>"; };
		C96FA9D929ECAB8800715C84 /* bca7fdafly1gax1gqdhouj20c80axaam.jpg */ = {isa = PBXFileReference; lastKnownFileType = image.jpeg; path = bca7fdafly1gax1gqdhouj20c80axaam.jpg; sourceTree = "<group>"; };
		C96FA9DA29ECAB8800715C84 /* 6ec3b446gy1gavd523embj20j60pytd6.jpg */ = {isa = PBXFileReference; lastKnownFileType = image.jpeg; path = 6ec3b446gy1gavd523embj20j60pytd6.jpg; sourceTree = "<group>"; };
		C96FA9DB29ECAB8800715C84 /* 005tnxzUly8gab4i2r73xj30u00u0js8.jpg */ = {isa = PBXFileReference; lastKnownFileType = image.jpeg; path = 005tnxzUly8gab4i2r73xj30u00u0js8.jpg; sourceTree = "<group>"; };
		C994706A29ECB4E500F800CA /* PostCell.swift */ = {isa = PBXFileReference; lastKnownFileType = sourcecode.swift; path = PostCell.swift; sourceTree = "<group>"; };
		C994706C29ECB51700F800CA /* VIPBadge.swift */ = {isa = PBXFileReference; lastKnownFileType = sourcecode.swift; path = VIPBadge.swift; sourceTree = "<group>"; };
		C9C2DD7729ECA51900C174B3 /* WeiboApp.app */ = {isa = PBXFileReference; explicitFileType = wrapper.application; includeInIndex = 0; path = WeiboApp.app; sourceTree = BUILT_PRODUCTS_DIR; };
		C9C2DD7A29ECA51900C174B3 /* WeiboAppApp.swift */ = {isa = PBXFileReference; lastKnownFileType = sourcecode.swift; path = WeiboAppApp.swift; sourceTree = "<group>"; };
		C9C2DD7C29ECA51900C174B3 /* ContentView.swift */ = {isa = PBXFileReference; lastKnownFileType = sourcecode.swift; path = ContentView.swift; sourceTree = "<group>"; };
		C9C2DD7E29ECA51A00C174B3 /* Assets.xcassets */ = {isa = PBXFileReference; lastKnownFileType = folder.assetcatalog; path = Assets.xcassets; sourceTree = "<group>"; };
		C9C2DD8129ECA51A00C174B3 /* Preview Assets.xcassets */ = {isa = PBXFileReference; lastKnownFileType = folder.assetcatalog; path = "Preview Assets.xcassets"; sourceTree = "<group>"; };
		C9C2DD8729ECA51A00C174B3 /* WeiboAppTests.xctest */ = {isa = PBXFileReference; explicitFileType = wrapper.cfbundle; includeInIndex = 0; path = WeiboAppTests.xctest; sourceTree = BUILT_PRODUCTS_DIR; };
		C9C2DD8B29ECA51A00C174B3 /* WeiboAppTests.swift */ = {isa = PBXFileReference; lastKnownFileType = sourcecode.swift; path = WeiboAppTests.swift; sourceTree = "<group>"; };
		C9C2DD9129ECA51A00C174B3 /* WeiboAppUITests.xctest */ = {isa = PBXFileReference; explicitFileType = wrapper.cfbundle; includeInIndex = 0; path = WeiboAppUITests.xctest; sourceTree = BUILT_PRODUCTS_DIR; };
		C9C2DD9529ECA51A00C174B3 /* WeiboAppUITests.swift */ = {isa = PBXFileReference; lastKnownFileType = sourcecode.swift; path = WeiboAppUITests.swift; sourceTree = "<group>"; };
		C9C2DD9729ECA51A00C174B3 /* WeiboAppUITestsLaunchTests.swift */ = {isa = PBXFileReference; lastKnownFileType = sourcecode.swift; path = WeiboAppUITestsLaunchTests.swift; sourceTree = "<group>"; };
/* End PBXFileReference section */

/* Begin PBXFrameworksBuildPhase section */
		C9C2DD7429ECA51900C174B3 /* Frameworks */ = {
			isa = PBXFrameworksBuildPhase;
			buildActionMask = 2147483647;
			files = (
			);
			runOnlyForDeploymentPostprocessing = 0;
		};
		C9C2DD8429ECA51A00C174B3 /* Frameworks */ = {
			isa = PBXFrameworksBuildPhase;
			buildActionMask = 2147483647;
			files = (
			);
			runOnlyForDeploymentPostprocessing = 0;
		};
		C9C2DD8E29ECA51A00C174B3 /* Frameworks */ = {
			isa = PBXFrameworksBuildPhase;
			buildActionMask = 2147483647;
			files = (
			);
			runOnlyForDeploymentPostprocessing = 0;
		};
/* End PBXFrameworksBuildPhase section */

/* Begin PBXGroup section */
		C96FA98829ECAB8800715C84 /* Resources */ = {
			isa = PBXGroup;
			children = (
				C96FA98929ECAB8800715C84 /* 8697cf1ely8gashxj3b09j20u00u040v.jpg */,
				C96FA98A29ECAB8800715C84 /* d0c21786ly1gavj2c0kcej20c8096dh7.jpg */,
				C96FA98B29ECAB8800715C84 /* 6ec3b446jw1e8qgp5bmzyj2050050aa8.jpg */,
				C96FA98C29ECAB8800715C84 /* 8a0b5544jw1e8qgp5bmzyj2050050aa8.jpg */,
				C96FA98D29ECAB8800715C84 /* bca7fdafly1gax1gqdg6qj20c80avdgl.jpg */,
				C96FA98E29ECAB8800715C84 /* 9dc7402fjw1e8qgp5bmzyj2050050aa8.jpg */,
				C96FA98F29ECAB8800715C84 /* eb5c94aegy1gav25n5ibjj20zk1h8wuu.jpg */,
				C96FA99029ECAB8800715C84 /* 006gWxMEly1gavap8dywoj30hs0bwq48.jpg */,
				C96FA99129ECAB8800715C84 /* 630584a6gy1gau54zl806j20m80etmzo.jpg */,
				C96FA99229ECAB8800715C84 /* 9dc7402fgy1gavd38wwlrj20j60nyq6y.jpg */,
				C96FA99329ECAB8800715C84 /* 8a0b5544gy1gauy2flua6j20u00hitab.jpg */,
				C96FA99429ECAB8800715C84 /* 7f9147a5ly1fzxlh4ovuej20e90fl4fo.jpg */,
				C96FA99529ECAB8800715C84 /* 7f9147a5ly1fzxlgxgzpij20e90fltsj.jpg */,
				C96FA99629ECAB8800715C84 /* 76297935ly1gatz8obqvkj22c0340npe.jpg */,
				C96FA99729ECAB8800715C84 /* d0c21786ly8fsax1ftiifj20ro0ro43g.jpg */,
				C96FA99829ECAB8800715C84 /* 9dc7402fgy1gavd38kqjtj20j60nyn1d.jpg */,
				C96FA99929ECAB8800715C84 /* 6a2afec3gy1gaulykcejqj20t5145wns.jpg */,
				C96FA99A29ECAB8800715C84 /* 4e7f0c83gy1gam2mp0x4pj22tc240u0x.jpg */,
				C96FA99B29ECAB8800715C84 /* c5aa834fgy1gauzrb7s5ej20tz13qh5x.jpg */,
				C96FA99C29ECAB8800715C84 /* 700a34f6gy1gaunswxtlrj20j60pkgok.jpg */,
				C96FA99D29ECAB8800715C84 /* 8a0b5544gy1gauy2ex786j20u0129aed.jpg */,
				C96FA99E29ECAB8800715C84 /* 76297935ly1gatz89dzblj23402c0qv6.jpg */,
				C96FA99F29ECAB8800715C84 /* 700a34f6gy1gaunswy5qnj20j60pkadk.jpg */,
				C96FA9A029ECAB8800715C84 /* bca7fdafgw1ekhkps65b1j2050050dg4.jpg */,
				C96FA9A129ECAB8800715C84 /* PostListData_recommend_1.json */,
				C96FA9A229ECAB8800715C84 /* 006gWxMEly8g0bjpl3ynij30kv0kv773.jpg */,
				C96FA9A329ECAB8800715C84 /* 6ec3b446gy1gavd51jc4lj20j60pmwhl.jpg */,
				C96FA9A429ECAB8800715C84 /* 006gWxMEly1gavap88gttj30hs0a0dgf.jpg */,
				C96FA9A529ECAB8800715C84 /* 4e7f0c83gy1gam2ml6nucj22tc240kjl.jpg */,
				C96FA9A629ECAB8800715C84 /* 4e7f0c83gy1gam2misv31j21hc0u016k.jpg */,
				C96FA9A729ECAB8800715C84 /* 8a0b5544gy1gauy2gmkg9j20u00gegnp.jpg */,
				C96FA9A829ECAB8800715C84 /* 006gWxMEly1gavap8vsqaj30hs0bwgm6.jpg */,
				C96FA9A929ECAB8800715C84 /* 648ed25bjw8est9nqrtnij20500503yr.jpg */,
				C96FA9AA29ECAB8800715C84 /* eb5c94aegy1gav25ox6dvj20u00k1go9.jpg */,
				C96FA9AB29ECAB8800715C84 /* 8a0b5544gy1gauy2g35yoj20u00fomzf.jpg */,
				C96FA9AC29ECAB8800715C84 /* 006PdkDoly8ffywe2fq39j304g04gwed.jpg */,
				C96FA9AD29ECAB8800715C84 /* 700a34f6gy1gaunsxgzixj20j60edmz8.jpg */,
				C96FA9AE29ECAB8800715C84 /* bca7fdafly1gax1gqdnboj20c80atmxp.jpg */,
				C96FA9AF29ECAB8800715C84 /* c5aa834fgy1gauzr6venkj20u01hc12f.jpg */,
				C96FA9B029ECAB8800715C84 /* 7f9147a5ly1fzxlh6hzdnj20e90fl7me.jpg */,
				C96FA9B129ECAB8800715C84 /* 630584a6gy1gau54zm4dtj20m80dftbv.jpg */,
				C96FA9B229ECAB8800715C84 /* c5aa834fgy1gauzr86bp5j20pb0w47in.jpg */,
				C96FA9B329ECAB8800715C84 /* 9dc7402fgy1gavd39ba15j20j60nywii.jpg */,
				C96FA9B429ECAB8800715C84 /* bca7fdafly1gax1gqfgsjj20c80axaay.jpg */,
				C96FA9B529ECAB8800715C84 /* c5aa834fly8g97m8ix9lcj20re0regnk.jpg */,
				C96FA9B629ECAB8800715C84 /* 700a34f6ly8g9a29rjt92j20fn0iqdg8.jpg */,
				C96FA9B729ECAB8800715C84 /* d0c21786ly1gavj2cdrkyj20c80720tg.jpg */,
				C96FA9B829ECAB8800715C84 /* bca7fdafly1gax1gqehdaj20c80atq3x.jpg */,
				C96FA9B929ECAB8800715C84 /* d0c21786ly1gavj2d17d9j20c808zq3r.jpg */,
				C96FA9BA29ECAB8800715C84 /* 8a0b5544gy1gauy2gz000j20u00n6wgj.jpg */,
				C96FA9BB29ECAB8800715C84 /* 006PdkDogy1gap6ngj12ej30u011itf7.jpg */,
				C96FA9BC29ECAB8800715C84 /* 700a34f6gy1gaunsx2jywj20j60pkaeu.jpg */,
				C96FA9BD29ECAB8800715C84 /* 4e7f0c83gy1gam2mr1b81j22tc2407wi.jpg */,
				C96FA9BE29ECAB8800715C84 /* 6a2afec3jw8fb4ld0qf2gj20e80dsdfz.jpg */,
				C96FA9BF29ECAB8800715C84 /* bca7fdafly1gax1gqd9vmj20c80ayaam.jpg */,
				C96FA9C029ECAB8800715C84 /* 8a0b5544gy1gauy2hcozsj20u01czdiy.jpg */,
				C96FA9C129ECAB8800715C84 /* c5aa834fgy1gauzr95r6fj20tw0l3dq4.jpg */,
				C96FA9C229ECAB8800715C84 /* 006PdkDogy1gap6ngiyn3j30u011idle.jpg */,
				C96FA9C329ECAB8800715C84 /* d0c21786ly1gavj2btv6tj20c80790tg.jpg */,
				C96FA9C429ECAB8800715C84 /* PostListData_hot_1.json */,
				C96FA9C529ECAB8800715C84 /* eb5c94aely8fmvumnl9baj20v90v9q49.jpg */,
				C96FA9C629ECAB8800715C84 /* 630584a6ly8fqs5wwkkmrj20ku0kuta7.jpg */,
				C96FA9C729ECAB8800715C84 /* d0c21786ly1gavj2cowp9j20c8083ab4.jpg */,
				C96FA9C829ECAB8800715C84 /* 9dc7402fgy1gavd367p0pj20j60nywic.jpg */,
				C96FA9C929ECAB8800715C84 /* 006gWxMEly1gavap86qr9j30ht0qo40t.jpg */,
				C96FA9CA29ECAB8800715C84 /* 76297935ly1gatz8k5itij22c02c01ky.jpg */,
				C96FA9CB29ECAB8800715C84 /* 76297935ly1gatz8g5rvxj22c03401kz.jpg */,
				C96FA9CC29ECAB8800715C84 /* 700a34f6gy1gaunsxhp4pj20j60pkn1k.jpg */,
				C96FA9CD29ECAB8800715C84 /* eb5c94aegy1gav2509cp5j20zk0k0n2j.jpg */,
				C96FA9CE29ECAB8800715C84 /* 4e7f0c83gy1gam2mn58d3j22tc240qv5.jpg */,
				C96FA9CF29ECAB8800715C84 /* eb5c94aegy1gav26fycwlj20zk1h8drh.jpg */,
				C96FA9D029ECAB8800715C84 /* 630584a6gy1gau54zyj61j20m80etn07.jpg */,
				C96FA9D129ECAB8800715C84 /* c5aa834fgy1gauzr8ok78j20tz12fk8w.jpg */,
				C96FA9D229ECAB8800715C84 /* 76297935ly8g4phfkq68hj20u00u0mzt.jpg */,
				C96FA9D329ECAB8800715C84 /* 9dc7402fgy1gavd37l9nwj20j60ny44q.jpg */,
				C96FA9D429ECAB8800715C84 /* 700a34f6gy1gaunswwui7j20j60pl78e.jpg */,
				C96FA9D529ECAB8800715C84 /* 630584a6gy1gau54zgaxhj20m80et0vq.jpg */,
				C96FA9D629ECAB8800715C84 /* 4e7f0c83gy1gam2mjhk8zj21hc0v6wnx.jpg */,
				C96FA9D729ECAB8800715C84 /* 6ec3b446gy1gavd4xud8lj20j60qkwj0.jpg */,
				C96FA9D829ECAB8800715C84 /* 4e7f0c83ly8g1ho507078j20ro0rojtq.jpg */,
				C96FA9D929ECAB8800715C84 /* bca7fdafly1gax1gqdhouj20c80axaam.jpg */,
				C96FA9DA29ECAB8800715C84 /* 6ec3b446gy1gavd523embj20j60pytd6.jpg */,
				C96FA9DB29ECAB8800715C84 /* 005tnxzUly8gab4i2r73xj30u00u0js8.jpg */,
			);
			path = Resources;
			sourceTree = "<group>";
		};
		C9C2DD6E29ECA51900C174B3 = {
			isa = PBXGroup;
			children = (
				C9C2DD7929ECA51900C174B3 /* WeiboApp */,
				C9C2DD8A29ECA51A00C174B3 /* WeiboAppTests */,
				C9C2DD9429ECA51A00C174B3 /* WeiboAppUITests */,
				C9C2DD7829ECA51900C174B3 /* Products */,
			);
			sourceTree = "<group>";
		};
		C9C2DD7829ECA51900C174B3 /* Products */ = {
			isa = PBXGroup;
			children = (
				C9C2DD7729ECA51900C174B3 /* WeiboApp.app */,
				C9C2DD8729ECA51A00C174B3 /* WeiboAppTests.xctest */,
				C9C2DD9129ECA51A00C174B3 /* WeiboAppUITests.xctest */,
			);
			name = Products;
			sourceTree = "<group>";
		};
		C9C2DD7929ECA51900C174B3 /* WeiboApp */ = {
			isa = PBXGroup;
			children = (
				C96FA98829ECAB8800715C84 /* Resources */,
				C9C2DDA429ECA61F00C174B3 /* View */,
				C9C2DD7A29ECA51900C174B3 /* WeiboAppApp.swift */,
				C9C2DD7E29ECA51A00C174B3 /* Assets.xcassets */,
				C9C2DD8029ECA51A00C174B3 /* Preview Content */,
			);
			path = WeiboApp;
			sourceTree = "<group>";
		};
		C9C2DD8029ECA51A00C174B3 /* Preview Content */ = {
			isa = PBXGroup;
			children = (
				C9C2DD8129ECA51A00C174B3 /* Preview Assets.xcassets */,
			);
			path = "Preview Content";
			sourceTree = "<group>";
		};
		C9C2DD8A29ECA51A00C174B3 /* WeiboAppTests */ = {
			isa = PBXGroup;
			children = (
				C9C2DD8B29ECA51A00C174B3 /* WeiboAppTests.swift */,
			);
			path = WeiboAppTests;
			sourceTree = "<group>";
		};
		C9C2DD9429ECA51A00C174B3 /* WeiboAppUITests */ = {
			isa = PBXGroup;
			children = (
				C9C2DD9529ECA51A00C174B3 /* WeiboAppUITests.swift */,
				C9C2DD9729ECA51A00C174B3 /* WeiboAppUITestsLaunchTests.swift */,
			);
			path = WeiboAppUITests;
			sourceTree = "<group>";
		};
		C9C2DDA429ECA61F00C174B3 /* View */ = {
			isa = PBXGroup;
			children = (
				C9C2DD7C29ECA51900C174B3 /* ContentView.swift */,
				C994706A29ECB4E500F800CA /* PostCell.swift */,
				C994706C29ECB51700F800CA /* VIPBadge.swift */,
			);
			path = View;
			sourceTree = "<group>";
		};
/* End PBXGroup section */

/* Begin PBXNativeTarget section */
		C9C2DD7629ECA51900C174B3 /* WeiboApp */ = {
			isa = PBXNativeTarget;
			buildConfigurationList = C9C2DD9B29ECA51A00C174B3 /* Build configuration list for PBXNativeTarget "WeiboApp" */;
			buildPhases = (
				C9C2DD7329ECA51900C174B3 /* Sources */,
				C9C2DD7429ECA51900C174B3 /* Frameworks */,
				C9C2DD7529ECA51900C174B3 /* Resources */,
			);
			buildRules = (
			);
			dependencies = (
			);
			name = WeiboApp;
			productName = WeiboApp;
			productReference = C9C2DD7729ECA51900C174B3 /* WeiboApp.app */;
			productType = "com.apple.product-type.application";
		};
		C9C2DD8629ECA51A00C174B3 /* WeiboAppTests */ = {
			isa = PBXNativeTarget;
			buildConfigurationList = C9C2DD9E29ECA51A00C174B3 /* Build configuration list for PBXNativeTarget "WeiboAppTests" */;
			buildPhases = (
				C9C2DD8329ECA51A00C174B3 /* Sources */,
				C9C2DD8429ECA51A00C174B3 /* Frameworks */,
				C9C2DD8529ECA51A00C174B3 /* Resources */,
			);
			buildRules = (
			);
			dependencies = (
				C9C2DD8929ECA51A00C174B3 /* PBXTargetDependency */,
			);
			name = WeiboAppTests;
			productName = WeiboAppTests;
			productReference = C9C2DD8729ECA51A00C174B3 /* WeiboAppTests.xctest */;
			productType = "com.apple.product-type.bundle.unit-test";
		};
		C9C2DD9029ECA51A00C174B3 /* WeiboAppUITests */ = {
			isa = PBXNativeTarget;
			buildConfigurationList = C9C2DDA129ECA51A00C174B3 /* Build configuration list for PBXNativeTarget "WeiboAppUITests" */;
			buildPhases = (
				C9C2DD8D29ECA51A00C174B3 /* Sources */,
				C9C2DD8E29ECA51A00C174B3 /* Frameworks */,
				C9C2DD8F29ECA51A00C174B3 /* Resources */,
			);
			buildRules = (
			);
			dependencies = (
				C9C2DD9329ECA51A00C174B3 /* PBXTargetDependency */,
			);
			name = WeiboAppUITests;
			productName = WeiboAppUITests;
			productReference = C9C2DD9129ECA51A00C174B3 /* WeiboAppUITests.xctest */;
			productType = "com.apple.product-type.bundle.ui-testing";
		};
/* End PBXNativeTarget section */

/* Begin PBXProject section */
		C9C2DD6F29ECA51900C174B3 /* Project object */ = {
			isa = PBXProject;
			attributes = {
				BuildIndependentTargetsInParallel = 1;
				LastSwiftUpdateCheck = 1430;
				LastUpgradeCheck = 1430;
				TargetAttributes = {
					C9C2DD7629ECA51900C174B3 = {
						CreatedOnToolsVersion = 14.3;
					};
					C9C2DD8629ECA51A00C174B3 = {
						CreatedOnToolsVersion = 14.3;
						TestTargetID = C9C2DD7629ECA51900C174B3;
					};
					C9C2DD9029ECA51A00C174B3 = {
						CreatedOnToolsVersion = 14.3;
						TestTargetID = C9C2DD7629ECA51900C174B3;
					};
				};
			};
			buildConfigurationList = C9C2DD7229ECA51900C174B3 /* Build configuration list for PBXProject "WeiboApp" */;
			compatibilityVersion = "Xcode 14.0";
			developmentRegion = en;
			hasScannedForEncodings = 0;
			knownRegions = (
				en,
				Base,
			);
			mainGroup = C9C2DD6E29ECA51900C174B3;
			productRefGroup = C9C2DD7829ECA51900C174B3 /* Products */;
			projectDirPath = "";
			projectRoot = "";
			targets = (
				C9C2DD7629ECA51900C174B3 /* WeiboApp */,
				C9C2DD8629ECA51A00C174B3 /* WeiboAppTests */,
				C9C2DD9029ECA51A00C174B3 /* WeiboAppUITests */,
			);
		};
/* End PBXProject section */

/* Begin PBXResourcesBuildPhase section */
		C9C2DD7529ECA51900C174B3 /* Resources */ = {
			isa = PBXResourcesBuildPhase;
			buildActionMask = 2147483647;
			files = (
				C9C2DD8229ECA51A00C174B3 /* Preview Assets.xcassets in Resources */,
				C96FAA0729ECAB8800715C84 /* bca7fdafly1gax1gqfgsjj20c80axaay.jpg in Resources */,
				C96FA9DD29ECAB8800715C84 /* d0c21786ly1gavj2c0kcej20c8096dh7.jpg in Resources */,
				C96FA9F029ECAB8800715C84 /* 8a0b5544gy1gauy2ex786j20u0129aed.jpg in Resources */,
				C96FAA0A29ECAB8800715C84 /* d0c21786ly1gavj2cdrkyj20c80720tg.jpg in Resources */,
				C96FAA1E29ECAB8800715C84 /* 76297935ly1gatz8g5rvxj22c03401kz.jpg in Resources */,
				C96FAA2A29ECAB8800715C84 /* 6ec3b446gy1gavd4xud8lj20j60qkwj0.jpg in Resources */,
				C96FA9F429ECAB8800715C84 /* PostListData_recommend_1.json in Resources */,
				C96FA9F529ECAB8800715C84 /* 006gWxMEly8g0bjpl3ynij30kv0kv773.jpg in Resources */,
				C96FAA1429ECAB8800715C84 /* c5aa834fgy1gauzr95r6fj20tw0l3dq4.jpg in Resources */,
				C96FAA1029ECAB8800715C84 /* 4e7f0c83gy1gam2mr1b81j22tc2407wi.jpg in Resources */,
				C96FAA0029ECAB8800715C84 /* 700a34f6gy1gaunsxgzixj20j60edmz8.jpg in Resources */,
				C96FA9E229ECAB8800715C84 /* eb5c94aegy1gav25n5ibjj20zk1h8wuu.jpg in Resources */,
				C96FA9FB29ECAB8800715C84 /* 006gWxMEly1gavap8vsqaj30hs0bwgm6.jpg in Resources */,
				C96FA9E629ECAB8800715C84 /* 8a0b5544gy1gauy2flua6j20u00hitab.jpg in Resources */,
				C96FA9FE29ECAB8800715C84 /* 8a0b5544gy1gauy2g35yoj20u00fomzf.jpg in Resources */,
				C96FAA2D29ECAB8800715C84 /* 6ec3b446gy1gavd523embj20j60pytd6.jpg in Resources */,
				C96FA9EC29ECAB8800715C84 /* 6a2afec3gy1gaulykcejqj20t5145wns.jpg in Resources */,
				C96FAA2629ECAB8800715C84 /* 9dc7402fgy1gavd37l9nwj20j60ny44q.jpg in Resources */,
				C96FA9F629ECAB8800715C84 /* 6ec3b446gy1gavd51jc4lj20j60pmwhl.jpg in Resources */,
				C96FAA2729ECAB8800715C84 /* 700a34f6gy1gaunswwui7j20j60pl78e.jpg in Resources */,
				C96FAA1329ECAB8800715C84 /* 8a0b5544gy1gauy2hcozsj20u01czdiy.jpg in Resources */,
				C96FAA1729ECAB8800715C84 /* PostListData_hot_1.json in Resources */,
				C96FAA0329ECAB8800715C84 /* 7f9147a5ly1fzxlh6hzdnj20e90fl7me.jpg in Resources */,
				C96FAA2529ECAB8800715C84 /* 76297935ly8g4phfkq68hj20u00u0mzt.jpg in Resources */,
				C96FAA0C29ECAB8800715C84 /* d0c21786ly1gavj2d17d9j20c808zq3r.jpg in Resources */,
				C96FAA2B29ECAB8800715C84 /* 4e7f0c83ly8g1ho507078j20ro0rojtq.jpg in Resources */,
				C96FAA2129ECAB8800715C84 /* 4e7f0c83gy1gam2mn58d3j22tc240qv5.jpg in Resources */,
				C96FA9EB29ECAB8800715C84 /* 9dc7402fgy1gavd38kqjtj20j60nyn1d.jpg in Resources */,
				C96FAA1529ECAB8800715C84 /* 006PdkDogy1gap6ngiyn3j30u011idle.jpg in Resources */,
				C96FA9FA29ECAB8800715C84 /* 8a0b5544gy1gauy2gmkg9j20u00gegnp.jpg in Resources */,
				C96FA9E029ECAB8800715C84 /* bca7fdafly1gax1gqdg6qj20c80avdgl.jpg in Resources */,
				C96FAA1C29ECAB8800715C84 /* 006gWxMEly1gavap86qr9j30ht0qo40t.jpg in Resources */,
				C96FAA0529ECAB8800715C84 /* c5aa834fgy1gauzr86bp5j20pb0w47in.jpg in Resources */,
				C96FA9E929ECAB8800715C84 /* 76297935ly1gatz8obqvkj22c0340npe.jpg in Resources */,
				C96FA9DF29ECAB8800715C84 /* 8a0b5544jw1e8qgp5bmzyj2050050aa8.jpg in Resources */,
				C96FAA1D29ECAB8800715C84 /* 76297935ly1gatz8k5itij22c02c01ky.jpg in Resources */,
				C96FAA1F29ECAB8800715C84 /* 700a34f6gy1gaunsxhp4pj20j60pkn1k.jpg in Resources */,
				C96FAA1929ECAB8800715C84 /* 630584a6ly8fqs5wwkkmrj20ku0kuta7.jpg in Resources */,
				C96FAA1629ECAB8800715C84 /* d0c21786ly1gavj2btv6tj20c80790tg.jpg in Resources */,
				C96FA9E829ECAB8800715C84 /* 7f9147a5ly1fzxlgxgzpij20e90fltsj.jpg in Resources */,
				C96FAA0D29ECAB8800715C84 /* 8a0b5544gy1gauy2gz000j20u00n6wgj.jpg in Resources */,
				C96FAA2829ECAB8800715C84 /* 630584a6gy1gau54zgaxhj20m80et0vq.jpg in Resources */,
				C96FAA1B29ECAB8800715C84 /* 9dc7402fgy1gavd367p0pj20j60nywic.jpg in Resources */,
				C96FA9E129ECAB8800715C84 /* 9dc7402fjw1e8qgp5bmzyj2050050aa8.jpg in Resources */,
				C96FA9F729ECAB8800715C84 /* 006gWxMEly1gavap88gttj30hs0a0dgf.jpg in Resources */,
				C96FAA0129ECAB8800715C84 /* bca7fdafly1gax1gqdnboj20c80atmxp.jpg in Resources */,
				C96FAA2929ECAB8800715C84 /* 4e7f0c83gy1gam2mjhk8zj21hc0v6wnx.jpg in Resources */,
				C96FA9DC29ECAB8800715C84 /* 8697cf1ely8gashxj3b09j20u00u040v.jpg in Resources */,
				C96FAA2429ECAB8800715C84 /* c5aa834fgy1gauzr8ok78j20tz12fk8w.jpg in Resources */,
				C96FA9F929ECAB8800715C84 /* 4e7f0c83gy1gam2misv31j21hc0u016k.jpg in Resources */,
				C96FA9F329ECAB8800715C84 /* bca7fdafgw1ekhkps65b1j2050050dg4.jpg in Resources */,
				C96FAA1129ECAB8800715C84 /* 6a2afec3jw8fb4ld0qf2gj20e80dsdfz.jpg in Resources */,
				C96FAA0229ECAB8800715C84 /* c5aa834fgy1gauzr6venkj20u01hc12f.jpg in Resources */,
				C96FAA0E29ECAB8800715C84 /* 006PdkDogy1gap6ngj12ej30u011itf7.jpg in Resources */,
				C96FAA0429ECAB8800715C84 /* 630584a6gy1gau54zm4dtj20m80dftbv.jpg in Resources */,
				C96FA9E529ECAB8800715C84 /* 9dc7402fgy1gavd38wwlrj20j60nyq6y.jpg in Resources */,
				C96FA9EE29ECAB8800715C84 /* c5aa834fgy1gauzrb7s5ej20tz13qh5x.jpg in Resources */,
				C96FAA1829ECAB8800715C84 /* eb5c94aely8fmvumnl9baj20v90v9q49.jpg in Resources */,
				C96FA9F829ECAB8800715C84 /* 4e7f0c83gy1gam2ml6nucj22tc240kjl.jpg in Resources */,
				C96FA9E429ECAB8800715C84 /* 630584a6gy1gau54zl806j20m80etmzo.jpg in Resources */,
				C96FA9E329ECAB8800715C84 /* 006gWxMEly1gavap8dywoj30hs0bwq48.jpg in Resources */,
				C96FAA2C29ECAB8800715C84 /* bca7fdafly1gax1gqdhouj20c80axaam.jpg in Resources */,
				C96FA9F129ECAB8800715C84 /* 76297935ly1gatz89dzblj23402c0qv6.jpg in Resources */,
				C96FA9EF29ECAB8800715C84 /* 700a34f6gy1gaunswxtlrj20j60pkgok.jpg in Resources */,
				C96FA9FF29ECAB8800715C84 /* 006PdkDoly8ffywe2fq39j304g04gwed.jpg in Resources */,
				C96FAA0B29ECAB8800715C84 /* bca7fdafly1gax1gqehdaj20c80atq3x.jpg in Resources */,
				C9C2DD7F29ECA51A00C174B3 /* Assets.xcassets in Resources */,
				C96FAA0F29ECAB8800715C84 /* 700a34f6gy1gaunsx2jywj20j60pkaeu.jpg in Resources */,
				C96FAA2029ECAB8800715C84 /* eb5c94aegy1gav2509cp5j20zk0k0n2j.jpg in Resources */,
				C96FAA1229ECAB8800715C84 /* bca7fdafly1gax1gqd9vmj20c80ayaam.jpg in Resources */,
				C96FAA2E29ECAB8800715C84 /* 005tnxzUly8gab4i2r73xj30u00u0js8.jpg in Resources */,
				C96FA9FC29ECAB8800715C84 /* 648ed25bjw8est9nqrtnij20500503yr.jpg in Resources */,
				C96FA9FD29ECAB8800715C84 /* eb5c94aegy1gav25ox6dvj20u00k1go9.jpg in Resources */,
				C96FA9ED29ECAB8800715C84 /* 4e7f0c83gy1gam2mp0x4pj22tc240u0x.jpg in Resources */,
				C96FAA2329ECAB8800715C84 /* 630584a6gy1gau54zyj61j20m80etn07.jpg in Resources */,
				C96FA9EA29ECAB8800715C84 /* d0c21786ly8fsax1ftiifj20ro0ro43g.jpg in Resources */,
				C96FA9F229ECAB8800715C84 /* 700a34f6gy1gaunswy5qnj20j60pkadk.jpg in Resources */,
				C96FAA1A29ECAB8800715C84 /* d0c21786ly1gavj2cowp9j20c8083ab4.jpg in Resources */,
				C96FA9DE29ECAB8800715C84 /* 6ec3b446jw1e8qgp5bmzyj2050050aa8.jpg in Resources */,
				C96FA9E729ECAB8800715C84 /* 7f9147a5ly1fzxlh4ovuej20e90fl4fo.jpg in Resources */,
				C96FAA2229ECAB8800715C84 /* eb5c94aegy1gav26fycwlj20zk1h8drh.jpg in Resources */,
				C96FAA0629ECAB8800715C84 /* 9dc7402fgy1gavd39ba15j20j60nywii.jpg in Resources */,
				C96FAA0829ECAB8800715C84 /* c5aa834fly8g97m8ix9lcj20re0regnk.jpg in Resources */,
				C96FAA0929ECAB8800715C84 /* 700a34f6ly8g9a29rjt92j20fn0iqdg8.jpg in Resources */,
			);
			runOnlyForDeploymentPostprocessing = 0;
		};
		C9C2DD8529ECA51A00C174B3 /* Resources */ = {
			isa = PBXResourcesBuildPhase;
			buildActionMask = 2147483647;
			files = (
			);
			runOnlyForDeploymentPostprocessing = 0;
		};
		C9C2DD8F29ECA51A00C174B3 /* Resources */ = {
			isa = PBXResourcesBuildPhase;
			buildActionMask = 2147483647;
			files = (
			);
			runOnlyForDeploymentPostprocessing = 0;
		};
/* End PBXResourcesBuildPhase section */

/* Begin PBXSourcesBuildPhase section */
		C9C2DD7329ECA51900C174B3 /* Sources */ = {
			isa = PBXSourcesBuildPhase;
			buildActionMask = 2147483647;
			files = (
				C9C2DD7D29ECA51900C174B3 /* ContentView.swift in Sources */,
				C9C2DD7B29ECA51900C174B3 /* WeiboAppApp.swift in Sources */,
				C994706B29ECB4E500F800CA /* PostCell.swift in Sources */,
				C994706D29ECB51700F800CA /* VIPBadge.swift in Sources */,
			);
			runOnlyForDeploymentPostprocessing = 0;
		};
		C9C2DD8329ECA51A00C174B3 /* Sources */ = {
			isa = PBXSourcesBuildPhase;
			buildActionMask = 2147483647;
			files = (
				C9C2DD8C29ECA51A00C174B3 /* WeiboAppTests.swift in Sources */,
			);
			runOnlyForDeploymentPostprocessing = 0;
		};
		C9C2DD8D29ECA51A00C174B3 /* Sources */ = {
			isa = PBXSourcesBuildPhase;
			buildActionMask = 2147483647;
			files = (
				C9C2DD9829ECA51A00C174B3 /* WeiboAppUITestsLaunchTests.swift in Sources */,
				C9C2DD9629ECA51A00C174B3 /* WeiboAppUITests.swift in Sources */,
			);
			runOnlyForDeploymentPostprocessing = 0;
		};
/* End PBXSourcesBuildPhase section */

/* Begin PBXTargetDependency section */
		C9C2DD8929ECA51A00C174B3 /* PBXTargetDependency */ = {
			isa = PBXTargetDependency;
			target = C9C2DD7629ECA51900C174B3 /* WeiboApp */;
			targetProxy = C9C2DD8829ECA51A00C174B3 /* PBXContainerItemProxy */;
		};
		C9C2DD9329ECA51A00C174B3 /* PBXTargetDependency */ = {
			isa = PBXTargetDependency;
			target = C9C2DD7629ECA51900C174B3 /* WeiboApp */;
			targetProxy = C9C2DD9229ECA51A00C174B3 /* PBXContainerItemProxy */;
		};
/* End PBXTargetDependency section */

/* Begin XCBuildConfiguration section */
		C9C2DD9929ECA51A00C174B3 /* Debug */ = {
			isa = XCBuildConfiguration;
			buildSettings = {
				ALWAYS_SEARCH_USER_PATHS = NO;
				CLANG_ANALYZER_NONNULL = YES;
				CLANG_ANALYZER_NUMBER_OBJECT_CONVERSION = YES_AGGRESSIVE;
				CLANG_CXX_LANGUAGE_STANDARD = "gnu++20";
				CLANG_ENABLE_MODULES = YES;
				CLANG_ENABLE_OBJC_ARC = YES;
				CLANG_ENABLE_OBJC_WEAK = YES;
				CLANG_WARN_BLOCK_CAPTURE_AUTORELEASING = YES;
				CLANG_WARN_BOOL_CONVERSION = YES;
				CLANG_WARN_COMMA = YES;
				CLANG_WARN_CONSTANT_CONVERSION = YES;
				CLANG_WARN_DEPRECATED_OBJC_IMPLEMENTATIONS = YES;
				CLANG_WARN_DIRECT_OBJC_ISA_USAGE = YES_ERROR;
				CLANG_WARN_DOCUMENTATION_COMMENTS = YES;
				CLANG_WARN_EMPTY_BODY = YES;
				CLANG_WARN_ENUM_CONVERSION = YES;
				CLANG_WARN_INFINITE_RECURSION = YES;
				CLANG_WARN_INT_CONVERSION = YES;
				CLANG_WARN_NON_LITERAL_NULL_CONVERSION = YES;
				CLANG_WARN_OBJC_IMPLICIT_RETAIN_SELF = YES;
				CLANG_WARN_OBJC_LITERAL_CONVERSION = YES;
				CLANG_WARN_OBJC_ROOT_CLASS = YES_ERROR;
				CLANG_WARN_QUOTED_INCLUDE_IN_FRAMEWORK_HEADER = YES;
				CLANG_WARN_RANGE_LOOP_ANALYSIS = YES;
				CLANG_WARN_STRICT_PROTOTYPES = YES;
				CLANG_WARN_SUSPICIOUS_MOVE = YES;
				CLANG_WARN_UNGUARDED_AVAILABILITY = YES_AGGRESSIVE;
				CLANG_WARN_UNREACHABLE_CODE = YES;
				CLANG_WARN__DUPLICATE_METHOD_MATCH = YES;
				COPY_PHASE_STRIP = NO;
				DEBUG_INFORMATION_FORMAT = dwarf;
				ENABLE_STRICT_OBJC_MSGSEND = YES;
				ENABLE_TESTABILITY = YES;
				GCC_C_LANGUAGE_STANDARD = gnu11;
				GCC_DYNAMIC_NO_PIC = NO;
				GCC_NO_COMMON_BLOCKS = YES;
				GCC_OPTIMIZATION_LEVEL = 0;
				GCC_PREPROCESSOR_DEFINITIONS = (
					"DEBUG=1",
					"$(inherited)",
				);
				GCC_WARN_64_TO_32_BIT_CONVERSION = YES;
				GCC_WARN_ABOUT_RETURN_TYPE = YES_ERROR;
				GCC_WARN_UNDECLARED_SELECTOR = YES;
				GCC_WARN_UNINITIALIZED_AUTOS = YES_AGGRESSIVE;
				GCC_WARN_UNUSED_FUNCTION = YES;
				GCC_WARN_UNUSED_VARIABLE = YES;
				IPHONEOS_DEPLOYMENT_TARGET = 16.4;
				MTL_ENABLE_DEBUG_INFO = INCLUDE_SOURCE;
				MTL_FAST_MATH = YES;
				ONLY_ACTIVE_ARCH = YES;
				SDKROOT = iphoneos;
				SWIFT_ACTIVE_COMPILATION_CONDITIONS = DEBUG;
				SWIFT_OPTIMIZATION_LEVEL = "-Onone";
			};
			name = Debug;
		};
		C9C2DD9A29ECA51A00C174B3 /* Release */ = {
			isa = XCBuildConfiguration;
			buildSettings = {
				ALWAYS_SEARCH_USER_PATHS = NO;
				CLANG_ANALYZER_NONNULL = YES;
				CLANG_ANALYZER_NUMBER_OBJECT_CONVERSION = YES_AGGRESSIVE;
				CLANG_CXX_LANGUAGE_STANDARD = "gnu++20";
				CLANG_ENABLE_MODULES = YES;
				CLANG_ENABLE_OBJC_ARC = YES;
				CLANG_ENABLE_OBJC_WEAK = YES;
				CLANG_WARN_BLOCK_CAPTURE_AUTORELEASING = YES;
				CLANG_WARN_BOOL_CONVERSION = YES;
				CLANG_WARN_COMMA = YES;
				CLANG_WARN_CONSTANT_CONVERSION = YES;
				CLANG_WARN_DEPRECATED_OBJC_IMPLEMENTATIONS = YES;
				CLANG_WARN_DIRECT_OBJC_ISA_USAGE = YES_ERROR;
				CLANG_WARN_DOCUMENTATION_COMMENTS = YES;
				CLANG_WARN_EMPTY_BODY = YES;
				CLANG_WARN_ENUM_CONVERSION = YES;
				CLANG_WARN_INFINITE_RECURSION = YES;
				CLANG_WARN_INT_CONVERSION = YES;
				CLANG_WARN_NON_LITERAL_NULL_CONVERSION = YES;
				CLANG_WARN_OBJC_IMPLICIT_RETAIN_SELF = YES;
				CLANG_WARN_OBJC_LITERAL_CONVERSION = YES;
				CLANG_WARN_OBJC_ROOT_CLASS = YES_ERROR;
				CLANG_WARN_QUOTED_INCLUDE_IN_FRAMEWORK_HEADER = YES;
				CLANG_WARN_RANGE_LOOP_ANALYSIS = YES;
				CLANG_WARN_STRICT_PROTOTYPES = YES;
				CLANG_WARN_SUSPICIOUS_MOVE = YES;
				CLANG_WARN_UNGUARDED_AVAILABILITY = YES_AGGRESSIVE;
				CLANG_WARN_UNREACHABLE_CODE = YES;
				CLANG_WARN__DUPLICATE_METHOD_MATCH = YES;
				COPY_PHASE_STRIP = NO;
				DEBUG_INFORMATION_FORMAT = "dwarf-with-dsym";
				ENABLE_NS_ASSERTIONS = NO;
				ENABLE_STRICT_OBJC_MSGSEND = YES;
				GCC_C_LANGUAGE_STANDARD = gnu11;
				GCC_NO_COMMON_BLOCKS = YES;
				GCC_WARN_64_TO_32_BIT_CONVERSION = YES;
				GCC_WARN_ABOUT_RETURN_TYPE = YES_ERROR;
				GCC_WARN_UNDECLARED_SELECTOR = YES;
				GCC_WARN_UNINITIALIZED_AUTOS = YES_AGGRESSIVE;
				GCC_WARN_UNUSED_FUNCTION = YES;
				GCC_WARN_UNUSED_VARIABLE = YES;
				IPHONEOS_DEPLOYMENT_TARGET = 16.4;
				MTL_ENABLE_DEBUG_INFO = NO;
				MTL_FAST_MATH = YES;
				SDKROOT = iphoneos;
				SWIFT_COMPILATION_MODE = wholemodule;
				SWIFT_OPTIMIZATION_LEVEL = "-O";
				VALIDATE_PRODUCT = YES;
			};
			name = Release;
		};
		C9C2DD9C29ECA51A00C174B3 /* Debug */ = {
			isa = XCBuildConfiguration;
			buildSettings = {
				ASSETCATALOG_COMPILER_APPICON_NAME = AppIcon;
				ASSETCATALOG_COMPILER_GLOBAL_ACCENT_COLOR_NAME = AccentColor;
				CODE_SIGN_STYLE = Automatic;
				CURRENT_PROJECT_VERSION = 1;
				DEVELOPMENT_ASSET_PATHS = "\"WeiboApp/Preview Content\"";
				DEVELOPMENT_TEAM = TK2D96DLGZ;
				ENABLE_PREVIEWS = YES;
				GENERATE_INFOPLIST_FILE = YES;
				INFOPLIST_KEY_UIApplicationSceneManifest_Generation = YES;
				INFOPLIST_KEY_UIApplicationSupportsIndirectInputEvents = YES;
				INFOPLIST_KEY_UILaunchScreen_Generation = YES;
				INFOPLIST_KEY_UISupportedInterfaceOrientations_iPad = "UIInterfaceOrientationPortrait UIInterfaceOrientationPortraitUpsideDown UIInterfaceOrientationLandscapeLeft UIInterfaceOrientationLandscapeRight";
				INFOPLIST_KEY_UISupportedInterfaceOrientations_iPhone = "UIInterfaceOrientationPortrait UIInterfaceOrientationLandscapeLeft UIInterfaceOrientationLandscapeRight";
				LD_RUNPATH_SEARCH_PATHS = (
					"$(inherited)",
					"@executable_path/Frameworks",
				);
				MARKETING_VERSION = 1.0;
				PRODUCT_BUNDLE_IDENTIFIER = com.jg.WeiboApp;
				PRODUCT_NAME = "$(TARGET_NAME)";
				SWIFT_EMIT_LOC_STRINGS = YES;
				SWIFT_VERSION = 5.0;
				TARGETED_DEVICE_FAMILY = "1,2";
			};
			name = Debug;
		};
		C9C2DD9D29ECA51A00C174B3 /* Release */ = {
			isa = XCBuildConfiguration;
			buildSettings = {
				ASSETCATALOG_COMPILER_APPICON_NAME = AppIcon;
				ASSETCATALOG_COMPILER_GLOBAL_ACCENT_COLOR_NAME = AccentColor;
				CODE_SIGN_STYLE = Automatic;
				CURRENT_PROJECT_VERSION = 1;
				DEVELOPMENT_ASSET_PATHS = "\"WeiboApp/Preview Content\"";
				DEVELOPMENT_TEAM = TK2D96DLGZ;
				ENABLE_PREVIEWS = YES;
				GENERATE_INFOPLIST_FILE = YES;
				INFOPLIST_KEY_UIApplicationSceneManifest_Generation = YES;
				INFOPLIST_KEY_UIApplicationSupportsIndirectInputEvents = YES;
				INFOPLIST_KEY_UILaunchScreen_Generation = YES;
				INFOPLIST_KEY_UISupportedInterfaceOrientations_iPad = "UIInterfaceOrientationPortrait UIInterfaceOrientationPortraitUpsideDown UIInterfaceOrientationLandscapeLeft UIInterfaceOrientationLandscapeRight";
				INFOPLIST_KEY_UISupportedInterfaceOrientations_iPhone = "UIInterfaceOrientationPortrait UIInterfaceOrientationLandscapeLeft UIInterfaceOrientationLandscapeRight";
				LD_RUNPATH_SEARCH_PATHS = (
					"$(inherited)",
					"@executable_path/Frameworks",
				);
				MARKETING_VERSION = 1.0;
				PRODUCT_BUNDLE_IDENTIFIER = com.jg.WeiboApp;
				PRODUCT_NAME = "$(TARGET_NAME)";
				SWIFT_EMIT_LOC_STRINGS = YES;
				SWIFT_VERSION = 5.0;
				TARGETED_DEVICE_FAMILY = "1,2";
			};
			name = Release;
		};
		C9C2DD9F29ECA51A00C174B3 /* Debug */ = {
			isa = XCBuildConfiguration;
			buildSettings = {
				ALWAYS_EMBED_SWIFT_STANDARD_LIBRARIES = YES;
				BUNDLE_LOADER = "$(TEST_HOST)";
				CODE_SIGN_STYLE = Automatic;
				CURRENT_PROJECT_VERSION = 1;
				DEVELOPMENT_TEAM = TK2D96DLGZ;
				GENERATE_INFOPLIST_FILE = YES;
				IPHONEOS_DEPLOYMENT_TARGET = 16.4;
				MARKETING_VERSION = 1.0;
				PRODUCT_BUNDLE_IDENTIFIER = com.jg.WeiboAppTests;
				PRODUCT_NAME = "$(TARGET_NAME)";
				SWIFT_EMIT_LOC_STRINGS = NO;
				SWIFT_VERSION = 5.0;
				TARGETED_DEVICE_FAMILY = "1,2";
				TEST_HOST = "$(BUILT_PRODUCTS_DIR)/WeiboApp.app/$(BUNDLE_EXECUTABLE_FOLDER_PATH)/WeiboApp";
			};
			name = Debug;
		};
		C9C2DDA029ECA51A00C174B3 /* Release */ = {
			isa = XCBuildConfiguration;
			buildSettings = {
				ALWAYS_EMBED_SWIFT_STANDARD_LIBRARIES = YES;
				BUNDLE_LOADER = "$(TEST_HOST)";
				CODE_SIGN_STYLE = Automatic;
				CURRENT_PROJECT_VERSION = 1;
				DEVELOPMENT_TEAM = TK2D96DLGZ;
				GENERATE_INFOPLIST_FILE = YES;
				IPHONEOS_DEPLOYMENT_TARGET = 16.4;
				MARKETING_VERSION = 1.0;
				PRODUCT_BUNDLE_IDENTIFIER = com.jg.WeiboAppTests;
				PRODUCT_NAME = "$(TARGET_NAME)";
				SWIFT_EMIT_LOC_STRINGS = NO;
				SWIFT_VERSION = 5.0;
				TARGETED_DEVICE_FAMILY = "1,2";
				TEST_HOST = "$(BUILT_PRODUCTS_DIR)/WeiboApp.app/$(BUNDLE_EXECUTABLE_FOLDER_PATH)/WeiboApp";
			};
			name = Release;
		};
		C9C2DDA229ECA51A00C174B3 /* Debug */ = {
			isa = XCBuildConfiguration;
			buildSettings = {
				ALWAYS_EMBED_SWIFT_STANDARD_LIBRARIES = YES;
				CODE_SIGN_STYLE = Automatic;
				CURRENT_PROJECT_VERSION = 1;
				DEVELOPMENT_TEAM = TK2D96DLGZ;
				GENERATE_INFOPLIST_FILE = YES;
				MARKETING_VERSION = 1.0;
				PRODUCT_BUNDLE_IDENTIFIER = com.jg.WeiboAppUITests;
				PRODUCT_NAME = "$(TARGET_NAME)";
				SWIFT_EMIT_LOC_STRINGS = NO;
				SWIFT_VERSION = 5.0;
				TARGETED_DEVICE_FAMILY = "1,2";
				TEST_TARGET_NAME = WeiboApp;
			};
			name = Debug;
		};
		C9C2DDA329ECA51A00C174B3 /* Release */ = {
			isa = XCBuildConfiguration;
			buildSettings = {
				ALWAYS_EMBED_SWIFT_STANDARD_LIBRARIES = YES;
				CODE_SIGN_STYLE = Automatic;
				CURRENT_PROJECT_VERSION = 1;
				DEVELOPMENT_TEAM = TK2D96DLGZ;
				GENERATE_INFOPLIST_FILE = YES;
				MARKETING_VERSION = 1.0;
				PRODUCT_BUNDLE_IDENTIFIER = com.jg.WeiboAppUITests;
				PRODUCT_NAME = "$(TARGET_NAME)";
				SWIFT_EMIT_LOC_STRINGS = NO;
				SWIFT_VERSION = 5.0;
				TARGETED_DEVICE_FAMILY = "1,2";
				TEST_TARGET_NAME = WeiboApp;
			};
			name = Release;
		};
/* End XCBuildConfiguration section */

/* Begin XCConfigurationList section */
		C9C2DD7229ECA51900C174B3 /* Build configuration list for PBXProject "WeiboApp" */ = {
			isa = XCConfigurationList;
			buildConfigurations = (
				C9C2DD9929ECA51A00C174B3 /* Debug */,
				C9C2DD9A29ECA51A00C174B3 /* Release */,
			);
			defaultConfigurationIsVisible = 0;
			defaultConfigurationName = Release;
		};
		C9C2DD9B29ECA51A00C174B3 /* Build configuration list for PBXNativeTarget "WeiboApp" */ = {
			isa = XCConfigurationList;
			buildConfigurations = (
				C9C2DD9C29ECA51A00C174B3 /* Debug */,
				C9C2DD9D29ECA51A00C174B3 /* Release */,
			);
			defaultConfigurationIsVisible = 0;
			defaultConfigurationName = Release;
		};
		C9C2DD9E29ECA51A00C174B3 /* Build configuration list for PBXNativeTarget "WeiboAppTests" */ = {
			isa = XCConfigurationList;
			buildConfigurations = (
				C9C2DD9F29ECA51A00C174B3 /* Debug */,
				C9C2DDA029ECA51A00C174B3 /* Release */,
			);
			defaultConfigurationIsVisible = 0;
			defaultConfigurationName = Release;
		};
		C9C2DDA129ECA51A00C174B3 /* Build configuration list for PBXNativeTarget "WeiboAppUITests" */ = {
			isa = XCConfigurationList;
			buildConfigurations = (
				C9C2DDA229ECA51A00C174B3 /* Debug */,
				C9C2DDA329ECA51A00C174B3 /* Release */,
			);
			defaultConfigurationIsVisible = 0;
			defaultConfigurationName = Release;
		};
/* End XCConfigurationList section */
	};
	rootObject = C9C2DD6F29ECA51900C174B3 /* Project object */;
}
