// !$*UTF8*$!
{
	archiveVersion = 1;
	classes = {
	};
	objectVersion = 56;
	objects = {

/* Begin PBXBuildFile section */
		C9C2DD7B29ECA51900C174B3 /* WeiboAppApp.swift in Sources */ = {isa = PBXBuildFile; fileRef = C9C2DD7A29ECA51900C174B3 /* WeiboAppApp.swift */; };
		C9C2DD7D29ECA51900C174B3 /* ContentView.swift in Sources */ = {isa = PBXBuildFile; fileRef = C9C2DD7C29ECA51900C174B3 /* ContentView.swift */; };
		C9C2DD7F29ECA51A00C174B3 /* Assets.xcassets in Resources */ = {isa = PBXBuildFile; fileRef = C9C2DD7E29ECA51A00C174B3 /* Assets.xcassets */; };
		C9C2DD8229ECA51A00C174B3 /* Preview Assets.xcassets in Resources */ = {isa = PBXBuildFile; fileRef = C9C2DD8129ECA51A00C174B3 /* Preview Assets.xcassets */; };
		C9C2DD8C29ECA51A00C174B3 /* WeiboAppTests.swift in Sources */ = {isa = PBXBuildFile; fileRef = C9C2DD8B29ECA51A00C174B3 /* WeiboAppTests.swift */; };
		C9C2DD9629ECA51A00C174B3 /* WeiboAppUITests.swift in Sources */ = {isa = PBXBuildFile; fileRef = C9C2DD9529ECA51A00C174B3 /* WeiboAppUITests.swift */; };
		C9C2DD9829ECA51A00C174B3 /* WeiboAppUITestsLaunchTests.swift in Sources */ = {isa = PBXBuildFile; fileRef = C9C2DD9729ECA51A00C174B3 /* WeiboAppUITestsLaunchTests.swift */; };
/* End PBXBuildFile section */

/* Begin PBXContainerItemProxy section */
		C9C2DD8829ECA51A00C174B3 /* PBXContainerItemProxy */ = {
			isa = PBXContainerItemProxy;
			containerPortal = C9C2DD6F29ECA51900C174B3 /* Project object */;
			proxyType = 1;
			remoteGlobalIDString = C9C2DD7629ECA51900C174B3;
			remoteInfo = WeiboApp;
		};
		C9C2DD9229ECA51A00C174B3 /* PBXContainerItemProxy */ = {
			isa = PBXContainerItemProxy;
			containerPortal = C9C2DD6F29ECA51900C174B3 /* Project object */;
			proxyType = 1;
			remoteGlobalIDString = C9C2DD7629ECA51900C174B3;
			remoteInfo = WeiboApp;
		};
/* End PBXContainerItemProxy section */

/* Begin PBXFileReference section */
		C9C2DD7729ECA51900C174B3 /* WeiboApp.app */ = {isa = PBXFileReference; explicitFileType = wrapper.application; includeInIndex = 0; path = WeiboApp.app; sourceTree = BUILT_PRODUCTS_DIR; };
		C9C2DD7A29ECA51900C174B3 /* WeiboAppApp.swift */ = {isa = PBXFileReference; lastKnownFileType = sourcecode.swift; path = WeiboAppApp.swift; sourceTree = "<group>"; };
		C9C2DD7C29ECA51900C174B3 /* ContentView.swift */ = {isa = PBXFileReference; lastKnownFileType = sourcecode.swift; path = ContentView.swift; sourceTree = "<group>"; };
		C9C2DD7E29ECA51A00C174B3 /* Assets.xcassets */ = {isa = PBXFileReference; lastKnownFileType = folder.assetcatalog; path = Assets.xcassets; sourceTree = "<group>"; };
		C9C2DD8129ECA51A00C174B3 /* Preview Assets.xcassets */ = {isa = PBXFileReference; lastKnownFileType = folder.assetcatalog; path = "Preview Assets.xcassets"; sourceTree = "<group>"; };
		C9C2DD8729ECA51A00C174B3 /* WeiboAppTests.xctest */ = {isa = PBXFileReference; explicitFileType = wrapper.cfbundle; includeInIndex = 0; path = WeiboAppTests.xctest; sourceTree = BUILT_PRODUCTS_DIR; };
		C9C2DD8B29ECA51A00C174B3 /* WeiboAppTests.swift */ = {isa = PBXFileReference; lastKnownFileType = sourcecode.swift; path = WeiboAppTests.swift; sourceTree = "<group>"; };
		C9C2DD9129ECA51A00C174B3 /* WeiboAppUITests.xctest */ = {isa = PBXFileReference; explicitFileType = wrapper.cfbundle; includeInIndex = 0; path = WeiboAppUITests.xctest; sourceTree = BUILT_PRODUCTS_DIR; };
		C9C2DD9529ECA51A00C174B3 /* WeiboAppUITests.swift */ = {isa = PBXFileReference; lastKnownFileType = sourcecode.swift; path = WeiboAppUITests.swift; sourceTree = "<group>"; };
		C9C2DD9729ECA51A00C174B3 /* WeiboAppUITestsLaunchTests.swift */ = {isa = PBXFileReference; lastKnownFileType = sourcecode.swift; path = WeiboAppUITestsLaunchTests.swift; sourceTree = "<group>"; };
/* End PBXFileReference section */

/* Begin PBXFrameworksBuildPhase section */
		C9C2DD7429ECA51900C174B3 /* Frameworks */ = {
			isa = PBXFrameworksBuildPhase;
			buildActionMask = 2147483647;
			files = (
			);
			runOnlyForDeploymentPostprocessing = 0;
		};
		C9C2DD8429ECA51A00C174B3 /* Frameworks */ = {
			isa = PBXFrameworksBuildPhase;
			buildActionMask = 2147483647;
			files = (
			);
			runOnlyForDeploymentPostprocessing = 0;
		};
		C9C2DD8E29ECA51A00C174B3 /* Frameworks */ = {
			isa = PBXFrameworksBuildPhase;
			buildActionMask = 2147483647;
			files = (
			);
			runOnlyForDeploymentPostprocessing = 0;
		};
/* End PBXFrameworksBuildPhase section */

/* Begin PBXGroup section */
		C9C2DD6E29ECA51900C174B3 = {
			isa = PBXGroup;
			children = (
				C9C2DD7929ECA51900C174B3 /* WeiboApp */,
				C9C2DD8A29ECA51A00C174B3 /* WeiboAppTests */,
				C9C2DD9429ECA51A00C174B3 /* WeiboAppUITests */,
				C9C2DD7829ECA51900C174B3 /* Products */,
			);
			sourceTree = "<group>";
		};
		C9C2DD7829ECA51900C174B3 /* Products */ = {
			isa = PBXGroup;
			children = (
				C9C2DD7729ECA51900C174B3 /* WeiboApp.app */,
				C9C2DD8729ECA51A00C174B3 /* WeiboAppTests.xctest */,
				C9C2DD9129ECA51A00C174B3 /* WeiboAppUITests.xctest */,
			);
			name = Products;
			sourceTree = "<group>";
		};
		C9C2DD7929ECA51900C174B3 /* WeiboApp */ = {
			isa = PBXGroup;
			children = (
				C9C2DD7A29ECA51900C174B3 /* WeiboAppApp.swift */,
				C9C2DD7C29ECA51900C174B3 /* ContentView.swift */,
				C9C2DD7E29ECA51A00C174B3 /* Assets.xcassets */,
				C9C2DD8029ECA51A00C174B3 /* Preview Content */,
			);
			path = WeiboApp;
			sourceTree = "<group>";
		};
		C9C2DD8029ECA51A00C174B3 /* Preview Content */ = {
			isa = PBXGroup;
			children = (
				C9C2DD8129ECA51A00C174B3 /* Preview Assets.xcassets */,
			);
			path = "Preview Content";
			sourceTree = "<group>";
		};
		C9C2DD8A29ECA51A00C174B3 /* WeiboAppTests */ = {
			isa = PBXGroup;
			children = (
				C9C2DD8B29ECA51A00C174B3 /* WeiboAppTests.swift */,
			);
			path = WeiboAppTests;
			sourceTree = "<group>";
		};
		C9C2DD9429ECA51A00C174B3 /* WeiboAppUITests */ = {
			isa = PBXGroup;
			children = (
				C9C2DD9529ECA51A00C174B3 /* WeiboAppUITests.swift */,
				C9C2DD9729ECA51A00C174B3 /* WeiboAppUITestsLaunchTests.swift */,
			);
			path = WeiboAppUITests;
			sourceTree = "<group>";
		};
/* End PBXGroup section */

/* Begin PBXNativeTarget section */
		C9C2DD7629ECA51900C174B3 /* WeiboApp */ = {
			isa = PBXNativeTarget;
			buildConfigurationList = C9C2DD9B29ECA51A00C174B3 /* Build configuration list for PBXNativeTarget "WeiboApp" */;
			buildPhases = (
				C9C2DD7329ECA51900C174B3 /* Sources */,
				C9C2DD7429ECA51900C174B3 /* Frameworks */,
				C9C2DD7529ECA51900C174B3 /* Resources */,
			);
			buildRules = (
			);
			dependencies = (
			);
			name = WeiboApp;
			productName = WeiboApp;
			productReference = C9C2DD7729ECA51900C174B3 /* WeiboApp.app */;
			productType = "com.apple.product-type.application";
		};
		C9C2DD8629ECA51A00C174B3 /* WeiboAppTests */ = {
			isa = PBXNativeTarget;
			buildConfigurationList = C9C2DD9E29ECA51A00C174B3 /* Build configuration list for PBXNativeTarget "WeiboAppTests" */;
			buildPhases = (
				C9C2DD8329ECA51A00C174B3 /* Sources */,
				C9C2DD8429ECA51A00C174B3 /* Frameworks */,
				C9C2DD8529ECA51A00C174B3 /* Resources */,
			);
			buildRules = (
			);
			dependencies = (
				C9C2DD8929ECA51A00C174B3 /* PBXTargetDependency */,
			);
			name = WeiboAppTests;
			productName = WeiboAppTests;
			productReference = C9C2DD8729ECA51A00C174B3 /* WeiboAppTests.xctest */;
			productType = "com.apple.product-type.bundle.unit-test";
		};
		C9C2DD9029ECA51A00C174B3 /* WeiboAppUITests */ = {
			isa = PBXNativeTarget;
			buildConfigurationList = C9C2DDA129ECA51A00C174B3 /* Build configuration list for PBXNativeTarget "WeiboAppUITests" */;
			buildPhases = (
				C9C2DD8D29ECA51A00C174B3 /* Sources */,
				C9C2DD8E29ECA51A00C174B3 /* Frameworks */,
				C9C2DD8F29ECA51A00C174B3 /* Resources */,
			);
			buildRules = (
			);
			dependencies = (
				C9C2DD9329ECA51A00C174B3 /* PBXTargetDependency */,
			);
			name = WeiboAppUITests;
			productName = WeiboAppUITests;
			productReference = C9C2DD9129ECA51A00C174B3 /* WeiboAppUITests.xctest */;
			productType = "com.apple.product-type.bundle.ui-testing";
		};
/* End PBXNativeTarget section */

/* Begin PBXProject section */
		C9C2DD6F29ECA51900C174B3 /* Project object */ = {
			isa = PBXProject;
			attributes = {
				BuildIndependentTargetsInParallel = 1;
				LastSwiftUpdateCheck = 1430;
				LastUpgradeCheck = 1430;
				TargetAttributes = {
					C9C2DD7629ECA51900C174B3 = {
						CreatedOnToolsVersion = 14.3;
					};
					C9C2DD8629ECA51A00C174B3 = {
						CreatedOnToolsVersion = 14.3;
						TestTargetID = C9C2DD7629ECA51900C174B3;
					};
					C9C2DD9029ECA51A00C174B3 = {
						CreatedOnToolsVersion = 14.3;
						TestTargetID = C9C2DD7629ECA51900C174B3;
					};
				};
			};
			buildConfigurationList = C9C2DD7229ECA51900C174B3 /* Build configuration list for PBXProject "WeiboApp" */;
			compatibilityVersion = "Xcode 14.0";
			developmentRegion = en;
			hasScannedForEncodings = 0;
			knownRegions = (
				en,
				Base,
			);
			mainGroup = C9C2DD6E29ECA51900C174B3;
			productRefGroup = C9C2DD7829ECA51900C174B3 /* Products */;
			projectDirPath = "";
			projectRoot = "";
			targets = (
				C9C2DD7629ECA51900C174B3 /* WeiboApp */,
				C9C2DD8629ECA51A00C174B3 /* WeiboAppTests */,
				C9C2DD9029ECA51A00C174B3 /* WeiboAppUITests */,
			);
		};
/* End PBXProject section */

/* Begin PBXResourcesBuildPhase section */
		C9C2DD7529ECA51900C174B3 /* Resources */ = {
			isa = PBXResourcesBuildPhase;
			buildActionMask = 2147483647;
			files = (
				C9C2DD8229ECA51A00C174B3 /* Preview Assets.xcassets in Resources */,
				C9C2DD7F29ECA51A00C174B3 /* Assets.xcassets in Resources */,
			);
			runOnlyForDeploymentPostprocessing = 0;
		};
		C9C2DD8529ECA51A00C174B3 /* Resources */ = {
			isa = PBXResourcesBuildPhase;
			buildActionMask = 2147483647;
			files = (
			);
			runOnlyForDeploymentPostprocessing = 0;
		};
		C9C2DD8F29ECA51A00C174B3 /* Resources */ = {
			isa = PBXResourcesBuildPhase;
			buildActionMask = 2147483647;
			files = (
			);
			runOnlyForDeploymentPostprocessing = 0;
		};
/* End PBXResourcesBuildPhase section */

/* Begin PBXSourcesBuildPhase section */
		C9C2DD7329ECA51900C174B3 /* Sources */ = {
			isa = PBXSourcesBuildPhase;
			buildActionMask = 2147483647;
			files = (
				C9C2DD7D29ECA51900C174B3 /* ContentView.swift in Sources */,
				C9C2DD7B29ECA51900C174B3 /* WeiboAppApp.swift in Sources */,
			);
			runOnlyForDeploymentPostprocessing = 0;
		};
		C9C2DD8329ECA51A00C174B3 /* Sources */ = {
			isa = PBXSourcesBuildPhase;
			buildActionMask = 2147483647;
			files = (
				C9C2DD8C29ECA51A00C174B3 /* WeiboAppTests.swift in Sources */,
			);
			runOnlyForDeploymentPostprocessing = 0;
		};
		C9C2DD8D29ECA51A00C174B3 /* Sources */ = {
			isa = PBXSourcesBuildPhase;
			buildActionMask = 2147483647;
			files = (
				C9C2DD9829ECA51A00C174B3 /* WeiboAppUITestsLaunchTests.swift in Sources */,
				C9C2DD9629ECA51A00C174B3 /* WeiboAppUITests.swift in Sources */,
			);
			runOnlyForDeploymentPostprocessing = 0;
		};
/* End PBXSourcesBuildPhase section */

/* Begin PBXTargetDependency section */
		C9C2DD8929ECA51A00C174B3 /* PBXTargetDependency */ = {
			isa = PBXTargetDependency;
			target = C9C2DD7629ECA51900C174B3 /* WeiboApp */;
			targetProxy = C9C2DD8829ECA51A00C174B3 /* PBXContainerItemProxy */;
		};
		C9C2DD9329ECA51A00C174B3 /* PBXTargetDependency */ = {
			isa = PBXTargetDependency;
			target = C9C2DD7629ECA51900C174B3 /* WeiboApp */;
			targetProxy = C9C2DD9229ECA51A00C174B3 /* PBXContainerItemProxy */;
		};
/* End PBXTargetDependency section */

/* Begin XCBuildConfiguration section */
		C9C2DD9929ECA51A00C174B3 /* Debug */ = {
			isa = XCBuildConfiguration;
			buildSettings = {
				ALWAYS_SEARCH_USER_PATHS = NO;
				CLANG_ANALYZER_NONNULL = YES;
				CLANG_ANALYZER_NUMBER_OBJECT_CONVERSION = YES_AGGRESSIVE;
				CLANG_CXX_LANGUAGE_STANDARD = "gnu++20";
				CLANG_ENABLE_MODULES = YES;
				CLANG_ENABLE_OBJC_ARC = YES;
				CLANG_ENABLE_OBJC_WEAK = YES;
				CLANG_WARN_BLOCK_CAPTURE_AUTORELEASING = YES;
				CLANG_WARN_BOOL_CONVERSION = YES;
				CLANG_WARN_COMMA = YES;
				CLANG_WARN_CONSTANT_CONVERSION = YES;
				CLANG_WARN_DEPRECATED_OBJC_IMPLEMENTATIONS = YES;
				CLANG_WARN_DIRECT_OBJC_ISA_USAGE = YES_ERROR;
				CLANG_WARN_DOCUMENTATION_COMMENTS = YES;
				CLANG_WARN_EMPTY_BODY = YES;
				CLANG_WARN_ENUM_CONVERSION = YES;
				CLANG_WARN_INFINITE_RECURSION = YES;
				CLANG_WARN_INT_CONVERSION = YES;
				CLANG_WARN_NON_LITERAL_NULL_CONVERSION = YES;
				CLANG_WARN_OBJC_IMPLICIT_RETAIN_SELF = YES;
				CLANG_WARN_OBJC_LITERAL_CONVERSION = YES;
				CLANG_WARN_OBJC_ROOT_CLASS = YES_ERROR;
				CLANG_WARN_QUOTED_INCLUDE_IN_FRAMEWORK_HEADER = YES;
				CLANG_WARN_RANGE_LOOP_ANALYSIS = YES;
				CLANG_WARN_STRICT_PROTOTYPES = YES;
				CLANG_WARN_SUSPICIOUS_MOVE = YES;
				CLANG_WARN_UNGUARDED_AVAILABILITY = YES_AGGRESSIVE;
				CLANG_WARN_UNREACHABLE_CODE = YES;
				CLANG_WARN__DUPLICATE_METHOD_MATCH = YES;
				COPY_PHASE_STRIP = NO;
				DEBUG_INFORMATION_FORMAT = dwarf;
				ENABLE_STRICT_OBJC_MSGSEND = YES;
				ENABLE_TESTABILITY = YES;
				GCC_C_LANGUAGE_STANDARD = gnu11;
				GCC_DYNAMIC_NO_PIC = NO;
				GCC_NO_COMMON_BLOCKS = YES;
				GCC_OPTIMIZATION_LEVEL = 0;
				GCC_PREPROCESSOR_DEFINITIONS = (
					"DEBUG=1",
					"$(inherited)",
				);
				GCC_WARN_64_TO_32_BIT_CONVERSION = YES;
				GCC_WARN_ABOUT_RETURN_TYPE = YES_ERROR;
				GCC_WARN_UNDECLARED_SELECTOR = YES;
				GCC_WARN_UNINITIALIZED_AUTOS = YES_AGGRESSIVE;
				GCC_WARN_UNUSED_FUNCTION = YES;
				GCC_WARN_UNUSED_VARIABLE = YES;
				IPHONEOS_DEPLOYMENT_TARGET = 16.4;
				MTL_ENABLE_DEBUG_INFO = INCLUDE_SOURCE;
				MTL_FAST_MATH = YES;
				ONLY_ACTIVE_ARCH = YES;
				SDKROOT = iphoneos;
				SWIFT_ACTIVE_COMPILATION_CONDITIONS = DEBUG;
				SWIFT_OPTIMIZATION_LEVEL = "-Onone";
			};
			name = Debug;
		};
		C9C2DD9A29ECA51A00C174B3 /* Release */ = {
			isa = XCBuildConfiguration;
			buildSettings = {
				ALWAYS_SEARCH_USER_PATHS = NO;
				CLANG_ANALYZER_NONNULL = YES;
				CLANG_ANALYZER_NUMBER_OBJECT_CONVERSION = YES_AGGRESSIVE;
				CLANG_CXX_LANGUAGE_STANDARD = "gnu++20";
				CLANG_ENABLE_MODULES = YES;
				CLANG_ENABLE_OBJC_ARC = YES;
				CLANG_ENABLE_OBJC_WEAK = YES;
				CLANG_WARN_BLOCK_CAPTURE_AUTORELEASING = YES;
				CLANG_WARN_BOOL_CONVERSION = YES;
				CLANG_WARN_COMMA = YES;
				CLANG_WARN_CONSTANT_CONVERSION = YES;
				CLANG_WARN_DEPRECATED_OBJC_IMPLEMENTATIONS = YES;
				CLANG_WARN_DIRECT_OBJC_ISA_USAGE = YES_ERROR;
				CLANG_WARN_DOCUMENTATION_COMMENTS = YES;
				CLANG_WARN_EMPTY_BODY = YES;
				CLANG_WARN_ENUM_CONVERSION = YES;
				CLANG_WARN_INFINITE_RECURSION = YES;
				CLANG_WARN_INT_CONVERSION = YES;
				CLANG_WARN_NON_LITERAL_NULL_CONVERSION = YES;
				CLANG_WARN_OBJC_IMPLICIT_RETAIN_SELF = YES;
				CLANG_WARN_OBJC_LITERAL_CONVERSION = YES;
				CLANG_WARN_OBJC_ROOT_CLASS = YES_ERROR;
				CLANG_WARN_QUOTED_INCLUDE_IN_FRAMEWORK_HEADER = YES;
				CLANG_WARN_RANGE_LOOP_ANALYSIS = YES;
				CLANG_WARN_STRICT_PROTOTYPES = YES;
				CLANG_WARN_SUSPICIOUS_MOVE = YES;
				CLANG_WARN_UNGUARDED_AVAILABILITY = YES_AGGRESSIVE;
				CLANG_WARN_UNREACHABLE_CODE = YES;
				CLANG_WARN__DUPLICATE_METHOD_MATCH = YES;
				COPY_PHASE_STRIP = NO;
				DEBUG_INFORMATION_FORMAT = "dwarf-with-dsym";
				ENABLE_NS_ASSERTIONS = NO;
				ENABLE_STRICT_OBJC_MSGSEND = YES;
				GCC_C_LANGUAGE_STANDARD = gnu11;
				GCC_NO_COMMON_BLOCKS = YES;
				GCC_WARN_64_TO_32_BIT_CONVERSION = YES;
				GCC_WARN_ABOUT_RETURN_TYPE = YES_ERROR;
				GCC_WARN_UNDECLARED_SELECTOR = YES;
				GCC_WARN_UNINITIALIZED_AUTOS = YES_AGGRESSIVE;
				GCC_WARN_UNUSED_FUNCTION = YES;
				GCC_WARN_UNUSED_VARIABLE = YES;
				IPHONEOS_DEPLOYMENT_TARGET = 16.4;
				MTL_ENABLE_DEBUG_INFO = NO;
				MTL_FAST_MATH = YES;
				SDKROOT = iphoneos;
				SWIFT_COMPILATION_MODE = wholemodule;
				SWIFT_OPTIMIZATION_LEVEL = "-O";
				VALIDATE_PRODUCT = YES;
			};
			name = Release;
		};
		C9C2DD9C29ECA51A00C174B3 /* Debug */ = {
			isa = XCBuildConfiguration;
			buildSettings = {
				ASSETCATALOG_COMPILER_APPICON_NAME = AppIcon;
				ASSETCATALOG_COMPILER_GLOBAL_ACCENT_COLOR_NAME = AccentColor;
				CODE_SIGN_STYLE = Automatic;
				CURRENT_PROJECT_VERSION = 1;
				DEVELOPMENT_ASSET_PATHS = "\"WeiboApp/Preview Content\"";
				DEVELOPMENT_TEAM = TK2D96DLGZ;
				ENABLE_PREVIEWS = YES;
				GENERATE_INFOPLIST_FILE = YES;
				INFOPLIST_KEY_UIApplicationSceneManifest_Generation = YES;
				INFOPLIST_KEY_UIApplicationSupportsIndirectInputEvents = YES;
				INFOPLIST_KEY_UILaunchScreen_Generation = YES;
				INFOPLIST_KEY_UISupportedInterfaceOrientations_iPad = "UIInterfaceOrientationPortrait UIInterfaceOrientationPortraitUpsideDown UIInterfaceOrientationLandscapeLeft UIInterfaceOrientationLandscapeRight";
				INFOPLIST_KEY_UISupportedInterfaceOrientations_iPhone = "UIInterfaceOrientationPortrait UIInterfaceOrientationLandscapeLeft UIInterfaceOrientationLandscapeRight";
				LD_RUNPATH_SEARCH_PATHS = (
					"$(inherited)",
					"@executable_path/Frameworks",
				);
				MARKETING_VERSION = 1.0;
				PRODUCT_BUNDLE_IDENTIFIER = com.jg.WeiboApp;
				PRODUCT_NAME = "$(TARGET_NAME)";
				SWIFT_EMIT_LOC_STRINGS = YES;
				SWIFT_VERSION = 5.0;
				TARGETED_DEVICE_FAMILY = "1,2";
			};
			name = Debug;
		};
		C9C2DD9D29ECA51A00C174B3 /* Release */ = {
			isa = XCBuildConfiguration;
			buildSettings = {
				ASSETCATALOG_COMPILER_APPICON_NAME = AppIcon;
				ASSETCATALOG_COMPILER_GLOBAL_ACCENT_COLOR_NAME = AccentColor;
				CODE_SIGN_STYLE = Automatic;
				CURRENT_PROJECT_VERSION = 1;
				DEVELOPMENT_ASSET_PATHS = "\"WeiboApp/Preview Content\"";
				DEVELOPMENT_TEAM = TK2D96DLGZ;
				ENABLE_PREVIEWS = YES;
				GENERATE_INFOPLIST_FILE = YES;
				INFOPLIST_KEY_UIApplicationSceneManifest_Generation = YES;
				INFOPLIST_KEY_UIApplicationSupportsIndirectInputEvents = YES;
				INFOPLIST_KEY_UILaunchScreen_Generation = YES;
				INFOPLIST_KEY_UISupportedInterfaceOrientations_iPad = "UIInterfaceOrientationPortrait UIInterfaceOrientationPortraitUpsideDown UIInterfaceOrientationLandscapeLeft UIInterfaceOrientationLandscapeRight";
				INFOPLIST_KEY_UISupportedInterfaceOrientations_iPhone = "UIInterfaceOrientationPortrait UIInterfaceOrientationLandscapeLeft UIInterfaceOrientationLandscapeRight";
				LD_RUNPATH_SEARCH_PATHS = (
					"$(inherited)",
					"@executable_path/Frameworks",
				);
				MARKETING_VERSION = 1.0;
				PRODUCT_BUNDLE_IDENTIFIER = com.jg.WeiboApp;
				PRODUCT_NAME = "$(TARGET_NAME)";
				SWIFT_EMIT_LOC_STRINGS = YES;
				SWIFT_VERSION = 5.0;
				TARGETED_DEVICE_FAMILY = "1,2";
			};
			name = Release;
		};
		C9C2DD9F29ECA51A00C174B3 /* Debug */ = {
			isa = XCBuildConfiguration;
			buildSettings = {
				ALWAYS_EMBED_SWIFT_STANDARD_LIBRARIES = YES;
				BUNDLE_LOADER = "$(TEST_HOST)";
				CODE_SIGN_STYLE = Automatic;
				CURRENT_PROJECT_VERSION = 1;
				DEVELOPMENT_TEAM = TK2D96DLGZ;
				GENERATE_INFOPLIST_FILE = YES;
				IPHONEOS_DEPLOYMENT_TARGET = 16.4;
				MARKETING_VERSION = 1.0;
				PRODUCT_BUNDLE_IDENTIFIER = com.jg.WeiboAppTests;
				PRODUCT_NAME = "$(TARGET_NAME)";
				SWIFT_EMIT_LOC_STRINGS = NO;
				SWIFT_VERSION = 5.0;
				TARGETED_DEVICE_FAMILY = "1,2";
				TEST_HOST = "$(BUILT_PRODUCTS_DIR)/WeiboApp.app/$(BUNDLE_EXECUTABLE_FOLDER_PATH)/WeiboApp";
			};
			name = Debug;
		};
		C9C2DDA029ECA51A00C174B3 /* Release */ = {
			isa = XCBuildConfiguration;
			buildSettings = {
				ALWAYS_EMBED_SWIFT_STANDARD_LIBRARIES = YES;
				BUNDLE_LOADER = "$(TEST_HOST)";
				CODE_SIGN_STYLE = Automatic;
				CURRENT_PROJECT_VERSION = 1;
				DEVELOPMENT_TEAM = TK2D96DLGZ;
				GENERATE_INFOPLIST_FILE = YES;
				IPHONEOS_DEPLOYMENT_TARGET = 16.4;
				MARKETING_VERSION = 1.0;
				PRODUCT_BUNDLE_IDENTIFIER = com.jg.WeiboAppTests;
				PRODUCT_NAME = "$(TARGET_NAME)";
				SWIFT_EMIT_LOC_STRINGS = NO;
				SWIFT_VERSION = 5.0;
				TARGETED_DEVICE_FAMILY = "1,2";
				TEST_HOST = "$(BUILT_PRODUCTS_DIR)/WeiboApp.app/$(BUNDLE_EXECUTABLE_FOLDER_PATH)/WeiboApp";
			};
			name = Release;
		};
		C9C2DDA229ECA51A00C174B3 /* Debug */ = {
			isa = XCBuildConfiguration;
			buildSettings = {
				ALWAYS_EMBED_SWIFT_STANDARD_LIBRARIES = YES;
				CODE_SIGN_STYLE = Automatic;
				CURRENT_PROJECT_VERSION = 1;
				DEVELOPMENT_TEAM = TK2D96DLGZ;
				GENERATE_INFOPLIST_FILE = YES;
				MARKETING_VERSION = 1.0;
				PRODUCT_BUNDLE_IDENTIFIER = com.jg.WeiboAppUITests;
				PRODUCT_NAME = "$(TARGET_NAME)";
				SWIFT_EMIT_LOC_STRINGS = NO;
				SWIFT_VERSION = 5.0;
				TARGETED_DEVICE_FAMILY = "1,2";
				TEST_TARGET_NAME = WeiboApp;
			};
			name = Debug;
		};
		C9C2DDA329ECA51A00C174B3 /* Release */ = {
			isa = XCBuildConfiguration;
			buildSettings = {
				ALWAYS_EMBED_SWIFT_STANDARD_LIBRARIES = YES;
				CODE_SIGN_STYLE = Automatic;
				CURRENT_PROJECT_VERSION = 1;
				DEVELOPMENT_TEAM = TK2D96DLGZ;
				GENERATE_INFOPLIST_FILE = YES;
				MARKETING_VERSION = 1.0;
				PRODUCT_BUNDLE_IDENTIFIER = com.jg.WeiboAppUITests;
				PRODUCT_NAME = "$(TARGET_NAME)";
				SWIFT_EMIT_LOC_STRINGS = NO;
				SWIFT_VERSION = 5.0;
				TARGETED_DEVICE_FAMILY = "1,2";
				TEST_TARGET_NAME = WeiboApp;
			};
			name = Release;
		};
/* End XCBuildConfiguration section */

/* Begin XCConfigurationList section */
		C9C2DD7229ECA51900C174B3 /* Build configuration list for PBXProject "WeiboApp" */ = {
			isa = XCConfigurationList;
			buildConfigurations = (
				C9C2DD9929ECA51A00C174B3 /* Debug */,
				C9C2DD9A29ECA51A00C174B3 /* Release */,
			);
			defaultConfigurationIsVisible = 0;
			defaultConfigurationName = Release;
		};
		C9C2DD9B29ECA51A00C174B3 /* Build configuration list for PBXNativeTarget "WeiboApp" */ = {
			isa = XCConfigurationList;
			buildConfigurations = (
				C9C2DD9C29ECA51A00C174B3 /* Debug */,
				C9C2DD9D29ECA51A00C174B3 /* Release */,
			);
			defaultConfigurationIsVisible = 0;
			defaultConfigurationName = Release;
		};
		C9C2DD9E29ECA51A00C174B3 /* Build configuration list for PBXNativeTarget "WeiboAppTests" */ = {
			isa = XCConfigurationList;
			buildConfigurations = (
				C9C2DD9F29ECA51A00C174B3 /* Debug */,
				C9C2DDA029ECA51A00C174B3 /* Release */,
			);
			defaultConfigurationIsVisible = 0;
			defaultConfigurationName = Release;
		};
		C9C2DDA129ECA51A00C174B3 /* Build configuration list for PBXNativeTarget "WeiboAppUITests" */ = {
			isa = XCConfigurationList;
			buildConfigurations = (
				C9C2DDA229ECA51A00C174B3 /* Debug */,
				C9C2DDA329ECA51A00C174B3 /* Release */,
			);
			defaultConfigurationIsVisible = 0;
			defaultConfigurationName = Release;
		};
/* End XCConfigurationList section */
	};
	rootObject = C9C2DD6F29ECA51900C174B3 /* Project object */;
}
